// !$*UTF8*$!
{
	archiveVersion = 1;
	classes = {
	};
	objectVersion = 50;
	objects = {

/* Begin PBXBuildFile section */
		ED21731025DA6B06003879BF /* AppDelegate.swift in Sources */ = {isa = PBXBuildFile; fileRef = ED21730F25DA6B06003879BF /* AppDelegate.swift */; };
		ED21731225DA6B06003879BF /* SceneDelegate.swift in Sources */ = {isa = PBXBuildFile; fileRef = ED21731125DA6B06003879BF /* SceneDelegate.swift */; };
		ED21731425DA6B06003879BF /* ContactsViewController.swift in Sources */ = {isa = PBXBuildFile; fileRef = ED21731325DA6B06003879BF /* ContactsViewController.swift */; };
		ED21731725DA6B06003879BF /* Main.storyboard in Resources */ = {isa = PBXBuildFile; fileRef = ED21731525DA6B06003879BF /* Main.storyboard */; };
		ED21731925DA6B08003879BF /* Assets.xcassets in Resources */ = {isa = PBXBuildFile; fileRef = ED21731825DA6B08003879BF /* Assets.xcassets */; };
		ED21731C25DA6B08003879BF /* LaunchScreen.storyboard in Resources */ = {isa = PBXBuildFile; fileRef = ED21731A25DA6B08003879BF /* LaunchScreen.storyboard */; };
		ED289E6925DA728500B9E3DB /* ContactTableViewCell.swift in Sources */ = {isa = PBXBuildFile; fileRef = ED289E6825DA728500B9E3DB /* ContactTableViewCell.swift */; };
		ED884A6625DA6C8B008CD116 /* InputViewController.swift in Sources */ = {isa = PBXBuildFile; fileRef = ED884A6525DA6C8B008CD116 /* InputViewController.swift */; };
		EDF46EA825DA805D0090F713 /* DataManager.swift in Sources */ = {isa = PBXBuildFile; fileRef = EDF46EA725DA805D0090F713 /* DataManager.swift */; };
/* End PBXBuildFile section */

/* Begin PBXFileReference section */
		ED21730C25DA6B06003879BF /* carnet-adresses.app */ = {isa = PBXFileReference; explicitFileType = wrapper.application; includeInIndex = 0; path = "carnet-adresses.app"; sourceTree = BUILT_PRODUCTS_DIR; };
		ED21730F25DA6B06003879BF /* AppDelegate.swift */ = {isa = PBXFileReference; lastKnownFileType = sourcecode.swift; path = AppDelegate.swift; sourceTree = "<group>"; };
		ED21731125DA6B06003879BF /* SceneDelegate.swift */ = {isa = PBXFileReference; lastKnownFileType = sourcecode.swift; path = SceneDelegate.swift; sourceTree = "<group>"; };
		ED21731325DA6B06003879BF /* ContactsViewController.swift */ = {isa = PBXFileReference; lastKnownFileType = sourcecode.swift; path = ContactsViewController.swift; sourceTree = "<group>"; };
		ED21731625DA6B06003879BF /* Base */ = {isa = PBXFileReference; lastKnownFileType = file.storyboard; name = Base; path = Base.lproj/Main.storyboard; sourceTree = "<group>"; };
		ED21731825DA6B08003879BF /* Assets.xcassets */ = {isa = PBXFileReference; lastKnownFileType = folder.assetcatalog; path = Assets.xcassets; sourceTree = "<group>"; };
		ED21731B25DA6B08003879BF /* Base */ = {isa = PBXFileReference; lastKnownFileType = file.storyboard; name = Base; path = Base.lproj/LaunchScreen.storyboard; sourceTree = "<group>"; };
		ED21731D25DA6B08003879BF /* Info.plist */ = {isa = PBXFileReference; lastKnownFileType = text.plist.xml; path = Info.plist; sourceTree = "<group>"; };
		ED289E6825DA728500B9E3DB /* ContactTableViewCell.swift */ = {isa = PBXFileReference; lastKnownFileType = sourcecode.swift; path = ContactTableViewCell.swift; sourceTree = "<group>"; };
		ED884A6525DA6C8B008CD116 /* InputViewController.swift */ = {isa = PBXFileReference; lastKnownFileType = sourcecode.swift; path = InputViewController.swift; sourceTree = "<group>"; };
		EDF46EA725DA805D0090F713 /* DataManager.swift */ = {isa = PBXFileReference; lastKnownFileType = sourcecode.swift; path = DataManager.swift; sourceTree = "<group>"; };
/* End PBXFileReference section */

/* Begin PBXFrameworksBuildPhase section */
		ED21730925DA6B06003879BF /* Frameworks */ = {
			isa = PBXFrameworksBuildPhase;
			buildActionMask = 2147483647;
			files = (
			);
			runOnlyForDeploymentPostprocessing = 0;
		};
/* End PBXFrameworksBuildPhase section */

/* Begin PBXGroup section */
		ED21730325DA6B06003879BF = {
			isa = PBXGroup;
			children = (
				ED21730E25DA6B06003879BF /* carnet-adresses */,
				ED21730D25DA6B06003879BF /* Products */,
			);
			sourceTree = "<group>";
		};
		ED21730D25DA6B06003879BF /* Products */ = {
			isa = PBXGroup;
			children = (
				ED21730C25DA6B06003879BF /* carnet-adresses.app */,
			);
			name = Products;
			sourceTree = "<group>";
		};
		ED21730E25DA6B06003879BF /* carnet-adresses */ = {
			isa = PBXGroup;
			children = (
				ED21730F25DA6B06003879BF /* AppDelegate.swift */,
				ED21731125DA6B06003879BF /* SceneDelegate.swift */,
				ED21731325DA6B06003879BF /* ContactsViewController.swift */,
				ED21731525DA6B06003879BF /* Main.storyboard */,
				ED289E6825DA728500B9E3DB /* ContactTableViewCell.swift */,
				ED21731825DA6B08003879BF /* Assets.xcassets */,
				ED21731A25DA6B08003879BF /* LaunchScreen.storyboard */,
				ED21731D25DA6B08003879BF /* Info.plist */,
				ED884A6525DA6C8B008CD116 /* InputViewController.swift */,
				EDF46EA725DA805D0090F713 /* DataManager.swift */,
			);
			path = "carnet-adresses";
			sourceTree = "<group>";
		};
/* End PBXGroup section */

/* Begin PBXNativeTarget section */
		ED21730B25DA6B06003879BF /* carnet-adresses */ = {
			isa = PBXNativeTarget;
			buildConfigurationList = ED21732025DA6B08003879BF /* Build configuration list for PBXNativeTarget "carnet-adresses" */;
			buildPhases = (
				ED21730825DA6B06003879BF /* Sources */,
				ED21730925DA6B06003879BF /* Frameworks */,
				ED21730A25DA6B06003879BF /* Resources */,
			);
			buildRules = (
			);
			dependencies = (
			);
			name = "carnet-adresses";
			productName = "carnet-adresses";
			productReference = ED21730C25DA6B06003879BF /* carnet-adresses.app */;
			productType = "com.apple.product-type.application";
		};
/* End PBXNativeTarget section */

/* Begin PBXProject section */
		ED21730425DA6B06003879BF /* Project object */ = {
			isa = PBXProject;
			attributes = {
				LastSwiftUpdateCheck = 1240;
				LastUpgradeCheck = 1240;
				TargetAttributes = {
					ED21730B25DA6B06003879BF = {
						CreatedOnToolsVersion = 12.4;
					};
				};
			};
			buildConfigurationList = ED21730725DA6B06003879BF /* Build configuration list for PBXProject "carnet-adresses" */;
			compatibilityVersion = "Xcode 9.3";
			developmentRegion = en;
			hasScannedForEncodings = 0;
			knownRegions = (
				en,
				Base,
			);
			mainGroup = ED21730325DA6B06003879BF;
			productRefGroup = ED21730D25DA6B06003879BF /* Products */;
			projectDirPath = "";
			projectRoot = "";
			targets = (
				ED21730B25DA6B06003879BF /* carnet-adresses */,
			);
		};
/* End PBXProject section */

/* Begin PBXResourcesBuildPhase section */
		ED21730A25DA6B06003879BF /* Resources */ = {
			isa = PBXResourcesBuildPhase;
			buildActionMask = 2147483647;
			files = (
				ED21731C25DA6B08003879BF /* LaunchScreen.storyboard in Resources */,
				ED21731925DA6B08003879BF /* Assets.xcassets in Resources */,
				ED21731725DA6B06003879BF /* Main.storyboard in Resources */,
			);
			runOnlyForDeploymentPostprocessing = 0;
		};
/* End PBXResourcesBuildPhase section */

/* Begin PBXSourcesBuildPhase section */
		ED21730825DA6B06003879BF /* Sources */ = {
			isa = PBXSourcesBuildPhase;
			buildActionMask = 2147483647;
			files = (
				ED21731425DA6B06003879BF /* ContactsViewController.swift in Sources */,
				EDF46EA825DA805D0090F713 /* DataManager.swift in Sources */,
				ED289E6925DA728500B9E3DB /* ContactTableViewCell.swift in Sources */,
				ED21731025DA6B06003879BF /* AppDelegate.swift in Sources */,
				ED21731225DA6B06003879BF /* SceneDelegate.swift in Sources */,
				ED884A6625DA6C8B008CD116 /* InputViewController.swift in Sources */,
			);
			runOnlyForDeploymentPostprocessing = 0;
		};
/* End PBXSourcesBuildPhase section */

/* Begin PBXVariantGroup section */
		ED21731525DA6B06003879BF /* Main.storyboard */ = {
			isa = PBXVariantGroup;
			children = (
				ED21731625DA6B06003879BF /* Base */,
			);
			name = Main.storyboard;
			sourceTree = "<group>";
		};
		ED21731A25DA6B08003879BF /* LaunchScreen.storyboard */ = {
			isa = PBXVariantGroup;
			children = (
				ED21731B25DA6B08003879BF /* Base */,
			);
			name = LaunchScreen.storyboard;
			sourceTree = "<group>";
		};
/* End PBXVariantGroup section */

/* Begin XCBuildConfiguration section */
		ED21731E25DA6B08003879BF /* Debug */ = {
			isa = XCBuildConfiguration;
			buildSettings = {
				ALWAYS_SEARCH_USER_PATHS = NO;
				CLANG_ANALYZER_NONNULL = YES;
				CLANG_ANALYZER_NUMBER_OBJECT_CONVERSION = YES_AGGRESSIVE;
				CLANG_CXX_LANGUAGE_STANDARD = "gnu++14";
				CLANG_CXX_LIBRARY = "libc++";
				CLANG_ENABLE_MODULES = YES;
				CLANG_ENABLE_OBJC_ARC = YES;
				CLANG_ENABLE_OBJC_WEAK = YES;
				CLANG_WARN_BLOCK_CAPTURE_AUTORELEASING = YES;
				CLANG_WARN_BOOL_CONVERSION = YES;
				CLANG_WARN_COMMA = YES;
				CLANG_WARN_CONSTANT_CONVERSION = YES;
				CLANG_WARN_DEPRECATED_OBJC_IMPLEMENTATIONS = YES;
				CLANG_WARN_DIRECT_OBJC_ISA_USAGE = YES_ERROR;
				CLANG_WARN_DOCUMENTATION_COMMENTS = YES;
				CLANG_WARN_EMPTY_BODY = YES;
				CLANG_WARN_ENUM_CONVERSION = YES;
				CLANG_WARN_INFINITE_RECURSION = YES;
				CLANG_WARN_INT_CONVERSION = YES;
				CLANG_WARN_NON_LITERAL_NULL_CONVERSION = YES;
				CLANG_WARN_OBJC_IMPLICIT_RETAIN_SELF = YES;
				CLANG_WARN_OBJC_LITERAL_CONVERSION = YES;
				CLANG_WARN_OBJC_ROOT_CLASS = YES_ERROR;
				CLANG_WARN_QUOTED_INCLUDE_IN_FRAMEWORK_HEADER = YES;
				CLANG_WARN_RANGE_LOOP_ANALYSIS = YES;
				CLANG_WARN_STRICT_PROTOTYPES = YES;
				CLANG_WARN_SUSPICIOUS_MOVE = YES;
				CLANG_WARN_UNGUARDED_AVAILABILITY = YES_AGGRESSIVE;
				CLANG_WARN_UNREACHABLE_CODE = YES;
				CLANG_WARN__DUPLICATE_METHOD_MATCH = YES;
				COPY_PHASE_STRIP = NO;
				DEBUG_INFORMATION_FORMAT = dwarf;
				ENABLE_STRICT_OBJC_MSGSEND = YES;
				ENABLE_TESTABILITY = YES;
				GCC_C_LANGUAGE_STANDARD = gnu11;
				GCC_DYNAMIC_NO_PIC = NO;
				GCC_NO_COMMON_BLOCKS = YES;
				GCC_OPTIMIZATION_LEVEL = 0;
				GCC_PREPROCESSOR_DEFINITIONS = (
					"DEBUG=1",
					"$(inherited)",
				);
				GCC_WARN_64_TO_32_BIT_CONVERSION = YES;
				GCC_WARN_ABOUT_RETURN_TYPE = YES_ERROR;
				GCC_WARN_UNDECLARED_SELECTOR = YES;
				GCC_WARN_UNINITIALIZED_AUTOS = YES_AGGRESSIVE;
				GCC_WARN_UNUSED_FUNCTION = YES;
				GCC_WARN_UNUSED_VARIABLE = YES;
				IPHONEOS_DEPLOYMENT_TARGET = 14.4;
				MTL_ENABLE_DEBUG_INFO = INCLUDE_SOURCE;
				MTL_FAST_MATH = YES;
				ONLY_ACTIVE_ARCH = YES;
				SDKROOT = iphoneos;
				SWIFT_ACTIVE_COMPILATION_CONDITIONS = DEBUG;
				SWIFT_OPTIMIZATION_LEVEL = "-Onone";
			};
			name = Debug;
		};
		ED21731F25DA6B08003879BF /* Release */ = {
			isa = XCBuildConfiguration;
			buildSettings = {
				ALWAYS_SEARCH_USER_PATHS = NO;
				CLANG_ANALYZER_NONNULL = YES;
				CLANG_ANALYZER_NUMBER_OBJECT_CONVERSION = YES_AGGRESSIVE;
				CLANG_CXX_LANGUAGE_STANDARD = "gnu++14";
				CLANG_CXX_LIBRARY = "libc++";
				CLANG_ENABLE_MODULES = YES;
				CLANG_ENABLE_OBJC_ARC = YES;
				CLANG_ENABLE_OBJC_WEAK = YES;
				CLANG_WARN_BLOCK_CAPTURE_AUTORELEASING = YES;
				CLANG_WARN_BOOL_CONVERSION = YES;
				CLANG_WARN_COMMA = YES;
				CLANG_WARN_CONSTANT_CONVERSION = YES;
				CLANG_WARN_DEPRECATED_OBJC_IMPLEMENTATIONS = YES;
				CLANG_WARN_DIRECT_OBJC_ISA_USAGE = YES_ERROR;
				CLANG_WARN_DOCUMENTATION_COMMENTS = YES;
				CLANG_WARN_EMPTY_BODY = YES;
				CLANG_WARN_ENUM_CONVERSION = YES;
				CLANG_WARN_INFINITE_RECURSION = YES;
				CLANG_WARN_INT_CONVERSION = YES;
				CLANG_WARN_NON_LITERAL_NULL_CONVERSION = YES;
				CLANG_WARN_OBJC_IMPLICIT_RETAIN_SELF = YES;
				CLANG_WARN_OBJC_LITERAL_CONVERSION = YES;
				CLANG_WARN_OBJC_ROOT_CLASS = YES_ERROR;
				CLANG_WARN_QUOTED_INCLUDE_IN_FRAMEWORK_HEADER = YES;
				CLANG_WARN_RANGE_LOOP_ANALYSIS = YES;
				CLANG_WARN_STRICT_PROTOTYPES = YES;
				CLANG_WARN_SUSPICIOUS_MOVE = YES;
				CLANG_WARN_UNGUARDED_AVAILABILITY = YES_AGGRESSIVE;
				CLANG_WARN_UNREACHABLE_CODE = YES;
				CLANG_WARN__DUPLICATE_METHOD_MATCH = YES;
				COPY_PHASE_STRIP = NO;
				DEBUG_INFORMATION_FORMAT = "dwarf-with-dsym";
				ENABLE_NS_ASSERTIONS = NO;
				ENABLE_STRICT_OBJC_MSGSEND = YES;
				GCC_C_LANGUAGE_STANDARD = gnu11;
				GCC_NO_COMMON_BLOCKS = YES;
				GCC_WARN_64_TO_32_BIT_CONVERSION = YES;
				GCC_WARN_ABOUT_RETURN_TYPE = YES_ERROR;
				GCC_WARN_UNDECLARED_SELECTOR = YES;
				GCC_WARN_UNINITIALIZED_AUTOS = YES_AGGRESSIVE;
				GCC_WARN_UNUSED_FUNCTION = YES;
				GCC_WARN_UNUSED_VARIABLE = YES;
				IPHONEOS_DEPLOYMENT_TARGET = 14.4;
				MTL_ENABLE_DEBUG_INFO = NO;
				MTL_FAST_MATH = YES;
				SDKROOT = iphoneos;
				SWIFT_COMPILATION_MODE = wholemodule;
				SWIFT_OPTIMIZATION_LEVEL = "-O";
				VALIDATE_PRODUCT = YES;
			};
			name = Release;
		};
		ED21732125DA6B08003879BF /* Debug */ = {
			isa = XCBuildConfiguration;
			buildSettings = {
				ASSETCATALOG_COMPILER_APPICON_NAME = AppIcon;
				ASSETCATALOG_COMPILER_GLOBAL_ACCENT_COLOR_NAME = AccentColor;
				CODE_SIGN_STYLE = Automatic;
				INFOPLIST_FILE = "carnet-adresses/Info.plist";
				LD_RUNPATH_SEARCH_PATHS = (
					"$(inherited)",
					"@executable_path/Frameworks",
				);
				PRODUCT_BUNDLE_IDENTIFIER = "pnk.carnet-adresses";
				PRODUCT_NAME = "$(TARGET_NAME)";
				SWIFT_VERSION = 5.0;
				TARGETED_DEVICE_FAMILY = "1,2";
			};
			name = Debug;
		};
		ED21732225DA6B08003879BF /* Release */ = {
			isa = XCBuildConfiguration;
			buildSettings = {
				ASSETCATALOG_COMPILER_APPICON_NAME = AppIcon;
				ASSETCATALOG_COMPILER_GLOBAL_ACCENT_COLOR_NAME = AccentColor;
				CODE_SIGN_STYLE = Automatic;
				INFOPLIST_FILE = "carnet-adresses/Info.plist";
				LD_RUNPATH_SEARCH_PATHS = (
					"$(inherited)",
					"@executable_path/Frameworks",
				);
				PRODUCT_BUNDLE_IDENTIFIER = "pnk.carnet-adresses";
				PRODUCT_NAME = "$(TARGET_NAME)";
				SWIFT_VERSION = 5.0;
				TARGETED_DEVICE_FAMILY = "1,2";
			};
			name = Release;
		};
/* End XCBuildConfiguration section */

/* Begin XCConfigurationList section */
		ED21730725DA6B06003879BF /* Build configuration list for PBXProject "carnet-adresses" */ = {
			isa = XCConfigurationList;
			buildConfigurations = (
				ED21731E25DA6B08003879BF /* Debug */,
				ED21731F25DA6B08003879BF /* Release */,
			);
			defaultConfigurationIsVisible = 0;
			defaultConfigurationName = Release;
		};
		ED21732025DA6B08003879BF /* Build configuration list for PBXNativeTarget "carnet-adresses" */ = {
			isa = XCConfigurationList;
			buildConfigurations = (
				ED21732125DA6B08003879BF /* Debug */,
				ED21732225DA6B08003879BF /* Release */,
			);
			defaultConfigurationIsVisible = 0;
			defaultConfigurationName = Release;
		};
/* End XCConfigurationList section */
	};
	rootObject = ED21730425DA6B06003879BF /* Project object */;
}
