// !$*UTF8*$!
{
	archiveVersion = 1;
	classes = {
	};
	objectVersion = 50;
	objects = {

/* Begin PBXBuildFile section */
		ED289DFD25DFE30300AC1DDD /* AppDelegate.swift in Sources */ = {isa = PBXBuildFile; fileRef = ED289DFC25DFE30300AC1DDD /* AppDelegate.swift */; };
		ED289DFF25DFE30300AC1DDD /* SceneDelegate.swift in Sources */ = {isa = PBXBuildFile; fileRef = ED289DFE25DFE30300AC1DDD /* SceneDelegate.swift */; };
		ED289E0125DFE30300AC1DDD /* ViewController.swift in Sources */ = {isa = PBXBuildFile; fileRef = ED289E0025DFE30300AC1DDD /* ViewController.swift */; };
		ED289E0425DFE30300AC1DDD /* Main.storyboard in Resources */ = {isa = PBXBuildFile; fileRef = ED289E0225DFE30300AC1DDD /* Main.storyboard */; };
		ED289E0625DFE30500AC1DDD /* Assets.xcassets in Resources */ = {isa = PBXBuildFile; fileRef = ED289E0525DFE30500AC1DDD /* Assets.xcassets */; };
		ED289E0925DFE30500AC1DDD /* LaunchScreen.storyboard in Resources */ = {isa = PBXBuildFile; fileRef = ED289E0725DFE30500AC1DDD /* LaunchScreen.storyboard */; };
		ED289E1225DFE3DB00AC1DDD /* UsersListViewController.swift in Sources */ = {isa = PBXBuildFile; fileRef = ED289E1125DFE3DB00AC1DDD /* UsersListViewController.swift */; };
		ED289E1525DFE3FA00AC1DDD /* UsersMapViewController.swift in Sources */ = {isa = PBXBuildFile; fileRef = ED289E1425DFE3FA00AC1DDD /* UsersMapViewController.swift */; };
		ED289E1825DFE40A00AC1DDD /* AlbumsListViewController.swift in Sources */ = {isa = PBXBuildFile; fileRef = ED289E1725DFE40A00AC1DDD /* AlbumsListViewController.swift */; };
		ED289E1B25DFE41B00AC1DDD /* SingleAlbumViewController.swift in Sources */ = {isa = PBXBuildFile; fileRef = ED289E1A25DFE41B00AC1DDD /* SingleAlbumViewController.swift */; };
		ED4883EE25DFFDEB00D4AD43 /* Kingfisher.framework in Frameworks */ = {isa = PBXBuildFile; fileRef = ED4883E925DFFDD300D4AD43 /* Kingfisher.framework */; };
		ED4883EF25DFFDEB00D4AD43 /* Kingfisher.framework in Embed Frameworks */ = {isa = PBXBuildFile; fileRef = ED4883E925DFFDD300D4AD43 /* Kingfisher.framework */; settings = {ATTRIBUTES = (CodeSignOnCopy, RemoveHeadersOnCopy, ); }; };
		ED4883FE25E002B600D4AD43 /* ThumbnailCollectionViewCell.swift in Sources */ = {isa = PBXBuildFile; fileRef = ED4883FD25E002B600D4AD43 /* ThumbnailCollectionViewCell.swift */; };
		ED48840125E0063600D4AD43 /* UserLocation.swift in Sources */ = {isa = PBXBuildFile; fileRef = ED48840025E0063600D4AD43 /* UserLocation.swift */; };
		ED5D50FB25DFF8AF00FECBDC /* AlbumCollectionViewCell.swift in Sources */ = {isa = PBXBuildFile; fileRef = ED5D50FA25DFF8AF00FECBDC /* AlbumCollectionViewCell.swift */; };
		ED5D510525DFFA4B00FECBDC /* PhotoCollectionViewCell.swift in Sources */ = {isa = PBXBuildFile; fileRef = ED5D510425DFFA4B00FECBDC /* PhotoCollectionViewCell.swift */; };
		ED9171BA25DFE67600DDF1BE /* APIContext.swift in Sources */ = {isa = PBXBuildFile; fileRef = ED9171B925DFE67600DDF1BE /* APIContext.swift */; };
		ED9171DD25DFE6C900DDF1BE /* Alamofire.framework in Frameworks */ = {isa = PBXBuildFile; fileRef = ED9171C725DFE6B900DDF1BE /* Alamofire.framework */; };
		ED9171DE25DFE6C900DDF1BE /* Alamofire.framework in Embed Frameworks */ = {isa = PBXBuildFile; fileRef = ED9171C725DFE6B900DDF1BE /* Alamofire.framework */; settings = {ATTRIBUTES = (CodeSignOnCopy, RemoveHeadersOnCopy, ); }; };
		ED9171E125DFE72800DDF1BE /* UsersModel.swift in Sources */ = {isa = PBXBuildFile; fileRef = ED9171E025DFE72800DDF1BE /* UsersModel.swift */; };
		ED9171E525DFE7B800DDF1BE /* UserModelUI.swift in Sources */ = {isa = PBXBuildFile; fileRef = ED9171E425DFE7B800DDF1BE /* UserModelUI.swift */; };
		ED9171E725DFE8A400DDF1BE /* NetworkManager.swift in Sources */ = {isa = PBXBuildFile; fileRef = ED9171E625DFE8A400DDF1BE /* NetworkManager.swift */; };
		ED9171E925DFEAC400DDF1BE /* UserModelUIExtension.swift in Sources */ = {isa = PBXBuildFile; fileRef = ED9171E825DFEAC400DDF1BE /* UserModelUIExtension.swift */; };
		EDC2F2A125DFE59E00923CCE /* UserTableViewCell.swift in Sources */ = {isa = PBXBuildFile; fileRef = EDC2F2A025DFE59E00923CCE /* UserTableViewCell.swift */; };
		EDFCD0DB25DFF0BC004B3895 /* AlbumsModel.swift in Sources */ = {isa = PBXBuildFile; fileRef = EDFCD0DA25DFF0BC004B3895 /* AlbumsModel.swift */; };
		EDFCD0E425DFF2AC004B3895 /* PhotosModel.swift in Sources */ = {isa = PBXBuildFile; fileRef = EDFCD0E325DFF2AC004B3895 /* PhotosModel.swift */; };
		EDFCD0E725DFF33D004B3895 /* AlbumModelUI.swift in Sources */ = {isa = PBXBuildFile; fileRef = EDFCD0E625DFF33D004B3895 /* AlbumModelUI.swift */; };
		EDFCD0EB25DFF3BD004B3895 /* AlbumModelUIExtension.swift in Sources */ = {isa = PBXBuildFile; fileRef = EDFCD0EA25DFF3BD004B3895 /* AlbumModelUIExtension.swift */; };
/* End PBXBuildFile section */

/* Begin PBXContainerItemProxy section */
		ED4883E825DFFDD300D4AD43 /* PBXContainerItemProxy */ = {
			isa = PBXContainerItemProxy;
			containerPortal = ED4883DC25DFFDD300D4AD43 /* Kingfisher.xcodeproj */;
			proxyType = 2;
			remoteGlobalIDString = D1ED2D351AD2D09F00CFC3EB;
			remoteInfo = Kingfisher;
		};
		ED4883EA25DFFDD300D4AD43 /* PBXContainerItemProxy */ = {
			isa = PBXContainerItemProxy;
			containerPortal = ED4883DC25DFFDD300D4AD43 /* Kingfisher.xcodeproj */;
			proxyType = 2;
			remoteGlobalIDString = D1ED2D3F1AD2D09F00CFC3EB;
			remoteInfo = KingfisherTests;
		};
		ED9171C625DFE6B900DDF1BE /* PBXContainerItemProxy */ = {
			isa = PBXContainerItemProxy;
			containerPortal = ED9171BC25DFE6B800DDF1BE /* Alamofire.xcodeproj */;
			proxyType = 2;
			remoteGlobalIDString = F8111E3319A95C8B0040E7D1;
			remoteInfo = "Alamofire iOS";
		};
		ED9171C825DFE6B900DDF1BE /* PBXContainerItemProxy */ = {
			isa = PBXContainerItemProxy;
			containerPortal = ED9171BC25DFE6B800DDF1BE /* Alamofire.xcodeproj */;
			proxyType = 2;
			remoteGlobalIDString = F8111E3E19A95C8B0040E7D1;
			remoteInfo = "Alamofire iOS Tests";
		};
		ED9171CA25DFE6B900DDF1BE /* PBXContainerItemProxy */ = {
			isa = PBXContainerItemProxy;
			containerPortal = ED9171BC25DFE6B800DDF1BE /* Alamofire.xcodeproj */;
			proxyType = 2;
			remoteGlobalIDString = 4DD67C0B1A5C55C900ED2280;
			remoteInfo = "Alamofire macOS";
		};
		ED9171CC25DFE6B900DDF1BE /* PBXContainerItemProxy */ = {
			isa = PBXContainerItemProxy;
			containerPortal = ED9171BC25DFE6B800DDF1BE /* Alamofire.xcodeproj */;
			proxyType = 2;
			remoteGlobalIDString = F829C6B21A7A94F100A2CD59;
			remoteInfo = "Alamofire macOS Tests";
		};
		ED9171CE25DFE6B900DDF1BE /* PBXContainerItemProxy */ = {
			isa = PBXContainerItemProxy;
			containerPortal = ED9171BC25DFE6B800DDF1BE /* Alamofire.xcodeproj */;
			proxyType = 2;
			remoteGlobalIDString = 4CF626EF1BA7CB3E0011A099;
			remoteInfo = "Alamofire tvOS";
		};
		ED9171D025DFE6B900DDF1BE /* PBXContainerItemProxy */ = {
			isa = PBXContainerItemProxy;
			containerPortal = ED9171BC25DFE6B800DDF1BE /* Alamofire.xcodeproj */;
			proxyType = 2;
			remoteGlobalIDString = 4CF626F81BA7CB3E0011A099;
			remoteInfo = "Alamofire tvOS Tests";
		};
		ED9171D225DFE6B900DDF1BE /* PBXContainerItemProxy */ = {
			isa = PBXContainerItemProxy;
			containerPortal = ED9171BC25DFE6B800DDF1BE /* Alamofire.xcodeproj */;
			proxyType = 2;
			remoteGlobalIDString = E4202FE01B667AA100C997FB;
			remoteInfo = "Alamofire watchOS";
		};
/* End PBXContainerItemProxy section */

/* Begin PBXCopyFilesBuildPhase section */
		ED9171DF25DFE6C900DDF1BE /* Embed Frameworks */ = {
			isa = PBXCopyFilesBuildPhase;
			buildActionMask = 2147483647;
			dstPath = "";
			dstSubfolderSpec = 10;
			files = (
				ED4883EF25DFFDEB00D4AD43 /* Kingfisher.framework in Embed Frameworks */,
				ED9171DE25DFE6C900DDF1BE /* Alamofire.framework in Embed Frameworks */,
			);
			name = "Embed Frameworks";
			runOnlyForDeploymentPostprocessing = 0;
		};
/* End PBXCopyFilesBuildPhase section */

/* Begin PBXFileReference section */
		ED289DF925DFE30300AC1DDD /* tp-note.app */ = {isa = PBXFileReference; explicitFileType = wrapper.application; includeInIndex = 0; path = "tp-note.app"; sourceTree = BUILT_PRODUCTS_DIR; };
		ED289DFC25DFE30300AC1DDD /* AppDelegate.swift */ = {isa = PBXFileReference; lastKnownFileType = sourcecode.swift; path = AppDelegate.swift; sourceTree = "<group>"; };
		ED289DFE25DFE30300AC1DDD /* SceneDelegate.swift */ = {isa = PBXFileReference; lastKnownFileType = sourcecode.swift; path = SceneDelegate.swift; sourceTree = "<group>"; };
		ED289E0025DFE30300AC1DDD /* ViewController.swift */ = {isa = PBXFileReference; lastKnownFileType = sourcecode.swift; path = ViewController.swift; sourceTree = "<group>"; };
		ED289E0325DFE30300AC1DDD /* Base */ = {isa = PBXFileReference; lastKnownFileType = file.storyboard; name = Base; path = Base.lproj/Main.storyboard; sourceTree = "<group>"; };
		ED289E0525DFE30500AC1DDD /* Assets.xcassets */ = {isa = PBXFileReference; lastKnownFileType = folder.assetcatalog; path = Assets.xcassets; sourceTree = "<group>"; };
		ED289E0825DFE30500AC1DDD /* Base */ = {isa = PBXFileReference; lastKnownFileType = file.storyboard; name = Base; path = Base.lproj/LaunchScreen.storyboard; sourceTree = "<group>"; };
		ED289E0A25DFE30500AC1DDD /* Info.plist */ = {isa = PBXFileReference; lastKnownFileType = text.plist.xml; path = Info.plist; sourceTree = "<group>"; };
		ED289E1125DFE3DB00AC1DDD /* UsersListViewController.swift */ = {isa = PBXFileReference; lastKnownFileType = sourcecode.swift; path = UsersListViewController.swift; sourceTree = "<group>"; };
		ED289E1425DFE3FA00AC1DDD /* UsersMapViewController.swift */ = {isa = PBXFileReference; lastKnownFileType = sourcecode.swift; path = UsersMapViewController.swift; sourceTree = "<group>"; };
		ED289E1725DFE40A00AC1DDD /* AlbumsListViewController.swift */ = {isa = PBXFileReference; lastKnownFileType = sourcecode.swift; path = AlbumsListViewController.swift; sourceTree = "<group>"; };
		ED289E1A25DFE41B00AC1DDD /* SingleAlbumViewController.swift */ = {isa = PBXFileReference; lastKnownFileType = sourcecode.swift; path = SingleAlbumViewController.swift; sourceTree = "<group>"; };
		ED4883DC25DFFDD300D4AD43 /* Kingfisher.xcodeproj */ = {isa = PBXFileReference; lastKnownFileType = "wrapper.pb-project"; name = Kingfisher.xcodeproj; path = "Kingfisher-master/Kingfisher.xcodeproj"; sourceTree = "<group>"; };
		ED4883FD25E002B600D4AD43 /* ThumbnailCollectionViewCell.swift */ = {isa = PBXFileReference; lastKnownFileType = sourcecode.swift; path = ThumbnailCollectionViewCell.swift; sourceTree = "<group>"; };
		ED48840025E0063600D4AD43 /* UserLocation.swift */ = {isa = PBXFileReference; lastKnownFileType = sourcecode.swift; path = UserLocation.swift; sourceTree = "<group>"; };
		ED5D50FA25DFF8AF00FECBDC /* AlbumCollectionViewCell.swift */ = {isa = PBXFileReference; lastKnownFileType = sourcecode.swift; path = AlbumCollectionViewCell.swift; sourceTree = "<group>"; };
		ED5D510425DFFA4B00FECBDC /* PhotoCollectionViewCell.swift */ = {isa = PBXFileReference; lastKnownFileType = sourcecode.swift; path = PhotoCollectionViewCell.swift; sourceTree = "<group>"; };
		ED9171B925DFE67600DDF1BE /* APIContext.swift */ = {isa = PBXFileReference; fileEncoding = 4; lastKnownFileType = sourcecode.swift; name = APIContext.swift; path = ../../../MaPetiteRegion/MaPetiteRegion/Network/APIContext.swift; sourceTree = "<group>"; };
		ED9171BC25DFE6B800DDF1BE /* Alamofire.xcodeproj */ = {isa = PBXFileReference; lastKnownFileType = "wrapper.pb-project"; name = Alamofire.xcodeproj; path = "Alamofire-master/Alamofire.xcodeproj"; sourceTree = "<group>"; };
		ED9171E025DFE72800DDF1BE /* UsersModel.swift */ = {isa = PBXFileReference; lastKnownFileType = sourcecode.swift; path = UsersModel.swift; sourceTree = "<group>"; };
		ED9171E425DFE7B800DDF1BE /* UserModelUI.swift */ = {isa = PBXFileReference; lastKnownFileType = sourcecode.swift; path = UserModelUI.swift; sourceTree = "<group>"; };
		ED9171E625DFE8A400DDF1BE /* NetworkManager.swift */ = {isa = PBXFileReference; lastKnownFileType = sourcecode.swift; path = NetworkManager.swift; sourceTree = "<group>"; };
		ED9171E825DFEAC400DDF1BE /* UserModelUIExtension.swift */ = {isa = PBXFileReference; lastKnownFileType = sourcecode.swift; path = UserModelUIExtension.swift; sourceTree = "<group>"; };
		EDC2F2A025DFE59E00923CCE /* UserTableViewCell.swift */ = {isa = PBXFileReference; lastKnownFileType = sourcecode.swift; path = UserTableViewCell.swift; sourceTree = "<group>"; };
		EDFCD0DA25DFF0BC004B3895 /* AlbumsModel.swift */ = {isa = PBXFileReference; lastKnownFileType = sourcecode.swift; path = AlbumsModel.swift; sourceTree = "<group>"; };
		EDFCD0E325DFF2AC004B3895 /* PhotosModel.swift */ = {isa = PBXFileReference; lastKnownFileType = sourcecode.swift; path = PhotosModel.swift; sourceTree = "<group>"; };
		EDFCD0E625DFF33D004B3895 /* AlbumModelUI.swift */ = {isa = PBXFileReference; lastKnownFileType = sourcecode.swift; path = AlbumModelUI.swift; sourceTree = "<group>"; };
		EDFCD0EA25DFF3BD004B3895 /* AlbumModelUIExtension.swift */ = {isa = PBXFileReference; lastKnownFileType = sourcecode.swift; path = AlbumModelUIExtension.swift; sourceTree = "<group>"; };
/* End PBXFileReference section */

/* Begin PBXFrameworksBuildPhase section */
		ED289DF625DFE30300AC1DDD /* Frameworks */ = {
			isa = PBXFrameworksBuildPhase;
			buildActionMask = 2147483647;
			files = (
				ED4883EE25DFFDEB00D4AD43 /* Kingfisher.framework in Frameworks */,
				ED9171DD25DFE6C900DDF1BE /* Alamofire.framework in Frameworks */,
			);
			runOnlyForDeploymentPostprocessing = 0;
		};
/* End PBXFrameworksBuildPhase section */

/* Begin PBXGroup section */
		ED289DF025DFE30300AC1DDD = {
			isa = PBXGroup;
			children = (
				ED289DFB25DFE30300AC1DDD /* tp-note */,
				ED289DFA25DFE30300AC1DDD /* Products */,
				ED9171DC25DFE6C900DDF1BE /* Frameworks */,
			);
			sourceTree = "<group>";
		};
		ED289DFA25DFE30300AC1DDD /* Products */ = {
			isa = PBXGroup;
			children = (
				ED289DF925DFE30300AC1DDD /* tp-note.app */,
			);
			name = Products;
			sourceTree = "<group>";
		};
		ED289DFB25DFE30300AC1DDD /* tp-note */ = {
			isa = PBXGroup;
			children = (
				ED9171B225DFE63900DDF1BE /* Network */,
				ED289DFC25DFE30300AC1DDD /* AppDelegate.swift */,
				ED289DFE25DFE30300AC1DDD /* SceneDelegate.swift */,
				ED289E1D25DFE42100AC1DDD /* Controllers */,
				ED289E0225DFE30300AC1DDD /* Main.storyboard */,
				ED289E0525DFE30500AC1DDD /* Assets.xcassets */,
				ED289E0725DFE30500AC1DDD /* LaunchScreen.storyboard */,
				ED289E0A25DFE30500AC1DDD /* Info.plist */,
				ED4883DC25DFFDD300D4AD43 /* Kingfisher.xcodeproj */,
				ED9171BC25DFE6B800DDF1BE /* Alamofire.xcodeproj */,
			);
			path = "tp-note";
			sourceTree = "<group>";
		};
		ED289E1D25DFE42100AC1DDD /* Controllers */ = {
			isa = PBXGroup;
			children = (
				ED289E0025DFE30300AC1DDD /* ViewController.swift */,
				EDC2F29F25DFE58B00923CCE /* UsersList */,
				ED4883FF25E0061B00D4AD43 /* UsersMap */,
				EDFCD0E525DFF329004B3895 /* AlbumsList */,
				ED5D510325DFFA3200FECBDC /* SingleAlbum */,
			);
			path = Controllers;
			sourceTree = "<group>";
		};
		ED4883DD25DFFDD300D4AD43 /* Products */ = {
			isa = PBXGroup;
			children = (
				ED4883E925DFFDD300D4AD43 /* Kingfisher.framework */,
				ED4883EB25DFFDD300D4AD43 /* KingfisherTests.xctest */,
			);
			name = Products;
			sourceTree = "<group>";
		};
		ED4883FF25E0061B00D4AD43 /* UsersMap */ = {
			isa = PBXGroup;
			children = (
				ED289E1425DFE3FA00AC1DDD /* UsersMapViewController.swift */,
				ED48840025E0063600D4AD43 /* UserLocation.swift */,
			);
			path = UsersMap;
			sourceTree = "<group>";
		};
		ED5D510325DFFA3200FECBDC /* SingleAlbum */ = {
			isa = PBXGroup;
			children = (
				ED289E1A25DFE41B00AC1DDD /* SingleAlbumViewController.swift */,
				ED5D510625DFFA5000FECBDC /* Cells */,
			);
			path = SingleAlbum;
			sourceTree = "<group>";
		};
		ED5D510625DFFA5000FECBDC /* Cells */ = {
			isa = PBXGroup;
			children = (
				ED5D510425DFFA4B00FECBDC /* PhotoCollectionViewCell.swift */,
			);
			path = Cells;
			sourceTree = "<group>";
		};
		ED9171B225DFE63900DDF1BE /* Network */ = {
			isa = PBXGroup;
			children = (
				ED9171B925DFE67600DDF1BE /* APIContext.swift */,
				ED9171E025DFE72800DDF1BE /* UsersModel.swift */,
				ED9171E625DFE8A400DDF1BE /* NetworkManager.swift */,
				EDFCD0DA25DFF0BC004B3895 /* AlbumsModel.swift */,
				EDFCD0E325DFF2AC004B3895 /* PhotosModel.swift */,
			);
			path = Network;
			sourceTree = "<group>";
		};
		ED9171BD25DFE6B800DDF1BE /* Products */ = {
			isa = PBXGroup;
			children = (
				ED9171C725DFE6B900DDF1BE /* Alamofire.framework */,
				ED9171C925DFE6B900DDF1BE /* Alamofire iOS Tests.xctest */,
				ED9171CB25DFE6B900DDF1BE /* Alamofire.framework */,
				ED9171CD25DFE6B900DDF1BE /* Alamofire macOS Tests.xctest */,
				ED9171CF25DFE6B900DDF1BE /* Alamofire.framework */,
				ED9171D125DFE6B900DDF1BE /* Alamofire tvOS Tests.xctest */,
				ED9171D325DFE6B900DDF1BE /* Alamofire.framework */,
			);
			name = Products;
			sourceTree = "<group>";
		};
		ED9171DC25DFE6C900DDF1BE /* Frameworks */ = {
			isa = PBXGroup;
			children = (
			);
			name = Frameworks;
			sourceTree = "<group>";
		};
		ED9171E225DFE78C00DDF1BE /* Cells */ = {
			isa = PBXGroup;
			children = (
				EDC2F2A025DFE59E00923CCE /* UserTableViewCell.swift */,
			);
			path = Cells;
			sourceTree = "<group>";
		};
		ED9171E325DFE79500DDF1BE /* Models */ = {
			isa = PBXGroup;
			children = (
				ED9171E425DFE7B800DDF1BE /* UserModelUI.swift */,
				ED9171E825DFEAC400DDF1BE /* UserModelUIExtension.swift */,
			);
			path = Models;
			sourceTree = "<group>";
		};
		EDC2F29F25DFE58B00923CCE /* UsersList */ = {
			isa = PBXGroup;
			children = (
				ED289E1125DFE3DB00AC1DDD /* UsersListViewController.swift */,
				ED9171E325DFE79500DDF1BE /* Models */,
				ED9171E225DFE78C00DDF1BE /* Cells */,
			);
			path = UsersList;
			sourceTree = "<group>";
		};
		EDFCD0E525DFF329004B3895 /* AlbumsList */ = {
			isa = PBXGroup;
			children = (
				ED289E1725DFE40A00AC1DDD /* AlbumsListViewController.swift */,
				EDFCD0E925DFF35D004B3895 /* Cells */,
				EDFCD0E825DFF358004B3895 /* Models */,
			);
			path = AlbumsList;
			sourceTree = "<group>";
		};
		EDFCD0E825DFF358004B3895 /* Models */ = {
			isa = PBXGroup;
			children = (
				EDFCD0EA25DFF3BD004B3895 /* AlbumModelUIExtension.swift */,
				EDFCD0E625DFF33D004B3895 /* AlbumModelUI.swift */,
			);
			path = Models;
			sourceTree = "<group>";
		};
		EDFCD0E925DFF35D004B3895 /* Cells */ = {
			isa = PBXGroup;
			children = (
				ED5D50FA25DFF8AF00FECBDC /* AlbumCollectionViewCell.swift */,
				ED4883FD25E002B600D4AD43 /* ThumbnailCollectionViewCell.swift */,
			);
			path = Cells;
			sourceTree = "<group>";
		};
/* End PBXGroup section */

/* Begin PBXNativeTarget section */
		ED289DF825DFE30300AC1DDD /* tp-note */ = {
			isa = PBXNativeTarget;
			buildConfigurationList = ED289E0D25DFE30500AC1DDD /* Build configuration list for PBXNativeTarget "tp-note" */;
			buildPhases = (
				ED289DF525DFE30300AC1DDD /* Sources */,
				ED289DF625DFE30300AC1DDD /* Frameworks */,
				ED289DF725DFE30300AC1DDD /* Resources */,
				ED9171DF25DFE6C900DDF1BE /* Embed Frameworks */,
			);
			buildRules = (
			);
			dependencies = (
			);
			name = "tp-note";
			productName = "tp-note";
			productReference = ED289DF925DFE30300AC1DDD /* tp-note.app */;
			productType = "com.apple.product-type.application";
		};
/* End PBXNativeTarget section */

/* Begin PBXProject section */
		ED289DF125DFE30300AC1DDD /* Project object */ = {
			isa = PBXProject;
			attributes = {
				LastSwiftUpdateCheck = 1240;
				LastUpgradeCheck = 1240;
				TargetAttributes = {
					ED289DF825DFE30300AC1DDD = {
						CreatedOnToolsVersion = 12.4;
					};
				};
			};
			buildConfigurationList = ED289DF425DFE30300AC1DDD /* Build configuration list for PBXProject "tp-note" */;
			compatibilityVersion = "Xcode 9.3";
			developmentRegion = en;
			hasScannedForEncodings = 0;
			knownRegions = (
				en,
				Base,
			);
			mainGroup = ED289DF025DFE30300AC1DDD;
			productRefGroup = ED289DFA25DFE30300AC1DDD /* Products */;
			projectDirPath = "";
			projectReferences = (
				{
					ProductGroup = ED9171BD25DFE6B800DDF1BE /* Products */;
					ProjectRef = ED9171BC25DFE6B800DDF1BE /* Alamofire.xcodeproj */;
				},
				{
					ProductGroup = ED4883DD25DFFDD300D4AD43 /* Products */;
					ProjectRef = ED4883DC25DFFDD300D4AD43 /* Kingfisher.xcodeproj */;
				},
			);
			projectRoot = "";
			targets = (
				ED289DF825DFE30300AC1DDD /* tp-note */,
			);
		};
/* End PBXProject section */

/* Begin PBXReferenceProxy section */
		ED4883E925DFFDD300D4AD43 /* Kingfisher.framework */ = {
			isa = PBXReferenceProxy;
			fileType = wrapper.framework;
			path = Kingfisher.framework;
			remoteRef = ED4883E825DFFDD300D4AD43 /* PBXContainerItemProxy */;
			sourceTree = BUILT_PRODUCTS_DIR;
		};
		ED4883EB25DFFDD300D4AD43 /* KingfisherTests.xctest */ = {
			isa = PBXReferenceProxy;
			fileType = wrapper.cfbundle;
			path = KingfisherTests.xctest;
			remoteRef = ED4883EA25DFFDD300D4AD43 /* PBXContainerItemProxy */;
			sourceTree = BUILT_PRODUCTS_DIR;
		};
		ED9171C725DFE6B900DDF1BE /* Alamofire.framework */ = {
			isa = PBXReferenceProxy;
			fileType = wrapper.framework;
			path = Alamofire.framework;
			remoteRef = ED9171C625DFE6B900DDF1BE /* PBXContainerItemProxy */;
			sourceTree = BUILT_PRODUCTS_DIR;
		};
		ED9171C925DFE6B900DDF1BE /* Alamofire iOS Tests.xctest */ = {
			isa = PBXReferenceProxy;
			fileType = wrapper.cfbundle;
			path = "Alamofire iOS Tests.xctest";
			remoteRef = ED9171C825DFE6B900DDF1BE /* PBXContainerItemProxy */;
			sourceTree = BUILT_PRODUCTS_DIR;
		};
		ED9171CB25DFE6B900DDF1BE /* Alamofire.framework */ = {
			isa = PBXReferenceProxy;
			fileType = wrapper.framework;
			path = Alamofire.framework;
			remoteRef = ED9171CA25DFE6B900DDF1BE /* PBXContainerItemProxy */;
			sourceTree = BUILT_PRODUCTS_DIR;
		};
		ED9171CD25DFE6B900DDF1BE /* Alamofire macOS Tests.xctest */ = {
			isa = PBXReferenceProxy;
			fileType = wrapper.cfbundle;
			path = "Alamofire macOS Tests.xctest";
			remoteRef = ED9171CC25DFE6B900DDF1BE /* PBXContainerItemProxy */;
			sourceTree = BUILT_PRODUCTS_DIR;
		};
		ED9171CF25DFE6B900DDF1BE /* Alamofire.framework */ = {
			isa = PBXReferenceProxy;
			fileType = wrapper.framework;
			path = Alamofire.framework;
			remoteRef = ED9171CE25DFE6B900DDF1BE /* PBXContainerItemProxy */;
			sourceTree = BUILT_PRODUCTS_DIR;
		};
		ED9171D125DFE6B900DDF1BE /* Alamofire tvOS Tests.xctest */ = {
			isa = PBXReferenceProxy;
			fileType = wrapper.cfbundle;
			path = "Alamofire tvOS Tests.xctest";
			remoteRef = ED9171D025DFE6B900DDF1BE /* PBXContainerItemProxy */;
			sourceTree = BUILT_PRODUCTS_DIR;
		};
		ED9171D325DFE6B900DDF1BE /* Alamofire.framework */ = {
			isa = PBXReferenceProxy;
			fileType = wrapper.framework;
			path = Alamofire.framework;
			remoteRef = ED9171D225DFE6B900DDF1BE /* PBXContainerItemProxy */;
			sourceTree = BUILT_PRODUCTS_DIR;
		};
/* End PBXReferenceProxy section */

/* Begin PBXResourcesBuildPhase section */
		ED289DF725DFE30300AC1DDD /* Resources */ = {
			isa = PBXResourcesBuildPhase;
			buildActionMask = 2147483647;
			files = (
				ED289E0925DFE30500AC1DDD /* LaunchScreen.storyboard in Resources */,
				ED289E0625DFE30500AC1DDD /* Assets.xcassets in Resources */,
				ED289E0425DFE30300AC1DDD /* Main.storyboard in Resources */,
			);
			runOnlyForDeploymentPostprocessing = 0;
		};
/* End PBXResourcesBuildPhase section */

/* Begin PBXSourcesBuildPhase section */
		ED289DF525DFE30300AC1DDD /* Sources */ = {
			isa = PBXSourcesBuildPhase;
			buildActionMask = 2147483647;
			files = (
				ED5D50FB25DFF8AF00FECBDC /* AlbumCollectionViewCell.swift in Sources */,
				ED9171E725DFE8A400DDF1BE /* NetworkManager.swift in Sources */,
				ED289E0125DFE30300AC1DDD /* ViewController.swift in Sources */,
				ED9171E525DFE7B800DDF1BE /* UserModelUI.swift in Sources */,
				ED5D510525DFFA4B00FECBDC /* PhotoCollectionViewCell.swift in Sources */,
				EDFCD0E425DFF2AC004B3895 /* PhotosModel.swift in Sources */,
				ED9171BA25DFE67600DDF1BE /* APIContext.swift in Sources */,
				ED289E1225DFE3DB00AC1DDD /* UsersListViewController.swift in Sources */,
				EDFCD0DB25DFF0BC004B3895 /* AlbumsModel.swift in Sources */,
				ED9171E125DFE72800DDF1BE /* UsersModel.swift in Sources */,
				ED289DFD25DFE30300AC1DDD /* AppDelegate.swift in Sources */,
				ED289E1525DFE3FA00AC1DDD /* UsersMapViewController.swift in Sources */,
				ED48840125E0063600D4AD43 /* UserLocation.swift in Sources */,
				EDC2F2A125DFE59E00923CCE /* UserTableViewCell.swift in Sources */,
				ED4883FE25E002B600D4AD43 /* ThumbnailCollectionViewCell.swift in Sources */,
				ED289E1825DFE40A00AC1DDD /* AlbumsListViewController.swift in Sources */,
				ED9171E925DFEAC400DDF1BE /* UserModelUIExtension.swift in Sources */,
				EDFCD0E725DFF33D004B3895 /* AlbumModelUI.swift in Sources */,
				ED289DFF25DFE30300AC1DDD /* SceneDelegate.swift in Sources */,
				EDFCD0EB25DFF3BD004B3895 /* AlbumModelUIExtension.swift in Sources */,
				ED289E1B25DFE41B00AC1DDD /* SingleAlbumViewController.swift in Sources */,
			);
			runOnlyForDeploymentPostprocessing = 0;
		};
/* End PBXSourcesBuildPhase section */

/* Begin PBXVariantGroup section */
		ED289E0225DFE30300AC1DDD /* Main.storyboard */ = {
			isa = PBXVariantGroup;
			children = (
				ED289E0325DFE30300AC1DDD /* Base */,
			);
			name = Main.storyboard;
			sourceTree = "<group>";
		};
		ED289E0725DFE30500AC1DDD /* LaunchScreen.storyboard */ = {
			isa = PBXVariantGroup;
			children = (
				ED289E0825DFE30500AC1DDD /* Base */,
			);
			name = LaunchScreen.storyboard;
			sourceTree = "<group>";
		};
/* End PBXVariantGroup section */

/* Begin XCBuildConfiguration section */
		ED289E0B25DFE30500AC1DDD /* Debug */ = {
			isa = XCBuildConfiguration;
			buildSettings = {
				ALWAYS_SEARCH_USER_PATHS = NO;
				CLANG_ANALYZER_NONNULL = YES;
				CLANG_ANALYZER_NUMBER_OBJECT_CONVERSION = YES_AGGRESSIVE;
				CLANG_CXX_LANGUAGE_STANDARD = "gnu++14";
				CLANG_CXX_LIBRARY = "libc++";
				CLANG_ENABLE_MODULES = YES;
				CLANG_ENABLE_OBJC_ARC = YES;
				CLANG_ENABLE_OBJC_WEAK = YES;
				CLANG_WARN_BLOCK_CAPTURE_AUTORELEASING = YES;
				CLANG_WARN_BOOL_CONVERSION = YES;
				CLANG_WARN_COMMA = YES;
				CLANG_WARN_CONSTANT_CONVERSION = YES;
				CLANG_WARN_DEPRECATED_OBJC_IMPLEMENTATIONS = YES;
				CLANG_WARN_DIRECT_OBJC_ISA_USAGE = YES_ERROR;
				CLANG_WARN_DOCUMENTATION_COMMENTS = YES;
				CLANG_WARN_EMPTY_BODY = YES;
				CLANG_WARN_ENUM_CONVERSION = YES;
				CLANG_WARN_INFINITE_RECURSION = YES;
				CLANG_WARN_INT_CONVERSION = YES;
				CLANG_WARN_NON_LITERAL_NULL_CONVERSION = YES;
				CLANG_WARN_OBJC_IMPLICIT_RETAIN_SELF = YES;
				CLANG_WARN_OBJC_LITERAL_CONVERSION = YES;
				CLANG_WARN_OBJC_ROOT_CLASS = YES_ERROR;
				CLANG_WARN_QUOTED_INCLUDE_IN_FRAMEWORK_HEADER = YES;
				CLANG_WARN_RANGE_LOOP_ANALYSIS = YES;
				CLANG_WARN_STRICT_PROTOTYPES = YES;
				CLANG_WARN_SUSPICIOUS_MOVE = YES;
				CLANG_WARN_UNGUARDED_AVAILABILITY = YES_AGGRESSIVE;
				CLANG_WARN_UNREACHABLE_CODE = YES;
				CLANG_WARN__DUPLICATE_METHOD_MATCH = YES;
				COPY_PHASE_STRIP = NO;
				DEBUG_INFORMATION_FORMAT = dwarf;
				ENABLE_STRICT_OBJC_MSGSEND = YES;
				ENABLE_TESTABILITY = YES;
				GCC_C_LANGUAGE_STANDARD = gnu11;
				GCC_DYNAMIC_NO_PIC = NO;
				GCC_NO_COMMON_BLOCKS = YES;
				GCC_OPTIMIZATION_LEVEL = 0;
				GCC_PREPROCESSOR_DEFINITIONS = (
					"DEBUG=1",
					"$(inherited)",
				);
				GCC_WARN_64_TO_32_BIT_CONVERSION = YES;
				GCC_WARN_ABOUT_RETURN_TYPE = YES_ERROR;
				GCC_WARN_UNDECLARED_SELECTOR = YES;
				GCC_WARN_UNINITIALIZED_AUTOS = YES_AGGRESSIVE;
				GCC_WARN_UNUSED_FUNCTION = YES;
				GCC_WARN_UNUSED_VARIABLE = YES;
				IPHONEOS_DEPLOYMENT_TARGET = 14.4;
				MTL_ENABLE_DEBUG_INFO = INCLUDE_SOURCE;
				MTL_FAST_MATH = YES;
				ONLY_ACTIVE_ARCH = YES;
				SDKROOT = iphoneos;
				SWIFT_ACTIVE_COMPILATION_CONDITIONS = DEBUG;
				SWIFT_OPTIMIZATION_LEVEL = "-Onone";
			};
			name = Debug;
		};
		ED289E0C25DFE30500AC1DDD /* Release */ = {
			isa = XCBuildConfiguration;
			buildSettings = {
				ALWAYS_SEARCH_USER_PATHS = NO;
				CLANG_ANALYZER_NONNULL = YES;
				CLANG_ANALYZER_NUMBER_OBJECT_CONVERSION = YES_AGGRESSIVE;
				CLANG_CXX_LANGUAGE_STANDARD = "gnu++14";
				CLANG_CXX_LIBRARY = "libc++";
				CLANG_ENABLE_MODULES = YES;
				CLANG_ENABLE_OBJC_ARC = YES;
				CLANG_ENABLE_OBJC_WEAK = YES;
				CLANG_WARN_BLOCK_CAPTURE_AUTORELEASING = YES;
				CLANG_WARN_BOOL_CONVERSION = YES;
				CLANG_WARN_COMMA = YES;
				CLANG_WARN_CONSTANT_CONVERSION = YES;
				CLANG_WARN_DEPRECATED_OBJC_IMPLEMENTATIONS = YES;
				CLANG_WARN_DIRECT_OBJC_ISA_USAGE = YES_ERROR;
				CLANG_WARN_DOCUMENTATION_COMMENTS = YES;
				CLANG_WARN_EMPTY_BODY = YES;
				CLANG_WARN_ENUM_CONVERSION = YES;
				CLANG_WARN_INFINITE_RECURSION = YES;
				CLANG_WARN_INT_CONVERSION = YES;
				CLANG_WARN_NON_LITERAL_NULL_CONVERSION = YES;
				CLANG_WARN_OBJC_IMPLICIT_RETAIN_SELF = YES;
				CLANG_WARN_OBJC_LITERAL_CONVERSION = YES;
				CLANG_WARN_OBJC_ROOT_CLASS = YES_ERROR;
				CLANG_WARN_QUOTED_INCLUDE_IN_FRAMEWORK_HEADER = YES;
				CLANG_WARN_RANGE_LOOP_ANALYSIS = YES;
				CLANG_WARN_STRICT_PROTOTYPES = YES;
				CLANG_WARN_SUSPICIOUS_MOVE = YES;
				CLANG_WARN_UNGUARDED_AVAILABILITY = YES_AGGRESSIVE;
				CLANG_WARN_UNREACHABLE_CODE = YES;
				CLANG_WARN__DUPLICATE_METHOD_MATCH = YES;
				COPY_PHASE_STRIP = NO;
				DEBUG_INFORMATION_FORMAT = "dwarf-with-dsym";
				ENABLE_NS_ASSERTIONS = NO;
				ENABLE_STRICT_OBJC_MSGSEND = YES;
				GCC_C_LANGUAGE_STANDARD = gnu11;
				GCC_NO_COMMON_BLOCKS = YES;
				GCC_WARN_64_TO_32_BIT_CONVERSION = YES;
				GCC_WARN_ABOUT_RETURN_TYPE = YES_ERROR;
				GCC_WARN_UNDECLARED_SELECTOR = YES;
				GCC_WARN_UNINITIALIZED_AUTOS = YES_AGGRESSIVE;
				GCC_WARN_UNUSED_FUNCTION = YES;
				GCC_WARN_UNUSED_VARIABLE = YES;
				IPHONEOS_DEPLOYMENT_TARGET = 14.4;
				MTL_ENABLE_DEBUG_INFO = NO;
				MTL_FAST_MATH = YES;
				SDKROOT = iphoneos;
				SWIFT_COMPILATION_MODE = wholemodule;
				SWIFT_OPTIMIZATION_LEVEL = "-O";
				VALIDATE_PRODUCT = YES;
			};
			name = Release;
		};
		ED289E0E25DFE30500AC1DDD /* Debug */ = {
			isa = XCBuildConfiguration;
			buildSettings = {
				ASSETCATALOG_COMPILER_APPICON_NAME = AppIcon;
				ASSETCATALOG_COMPILER_GLOBAL_ACCENT_COLOR_NAME = AccentColor;
				CODE_SIGN_STYLE = Automatic;
				INFOPLIST_FILE = "tp-note/Info.plist";
				LD_RUNPATH_SEARCH_PATHS = (
					"$(inherited)",
					"@executable_path/Frameworks",
				);
				PRODUCT_BUNDLE_IDENTIFIER = "pnk.tp-note";
				PRODUCT_NAME = "$(TARGET_NAME)";
				SWIFT_VERSION = 5.0;
				TARGETED_DEVICE_FAMILY = "1,2";
			};
			name = Debug;
		};
		ED289E0F25DFE30500AC1DDD /* Release */ = {
			isa = XCBuildConfiguration;
			buildSettings = {
				ASSETCATALOG_COMPILER_APPICON_NAME = AppIcon;
				ASSETCATALOG_COMPILER_GLOBAL_ACCENT_COLOR_NAME = AccentColor;
				CODE_SIGN_STYLE = Automatic;
				INFOPLIST_FILE = "tp-note/Info.plist";
				LD_RUNPATH_SEARCH_PATHS = (
					"$(inherited)",
					"@executable_path/Frameworks",
				);
				PRODUCT_BUNDLE_IDENTIFIER = "pnk.tp-note";
				PRODUCT_NAME = "$(TARGET_NAME)";
				SWIFT_VERSION = 5.0;
				TARGETED_DEVICE_FAMILY = "1,2";
			};
			name = Release;
		};
/* End XCBuildConfiguration section */

/* Begin XCConfigurationList section */
		ED289DF425DFE30300AC1DDD /* Build configuration list for PBXProject "tp-note" */ = {
			isa = XCConfigurationList;
			buildConfigurations = (
				ED289E0B25DFE30500AC1DDD /* Debug */,
				ED289E0C25DFE30500AC1DDD /* Release */,
			);
			defaultConfigurationIsVisible = 0;
			defaultConfigurationName = Release;
		};
		ED289E0D25DFE30500AC1DDD /* Build configuration list for PBXNativeTarget "tp-note" */ = {
			isa = XCConfigurationList;
			buildConfigurations = (
				ED289E0E25DFE30500AC1DDD /* Debug */,
				ED289E0F25DFE30500AC1DDD /* Release */,
			);
			defaultConfigurationIsVisible = 0;
			defaultConfigurationName = Release;
		};
/* End XCConfigurationList section */
	};
	rootObject = ED289DF125DFE30300AC1DDD /* Project object */;
}
