// !$*UTF8*$!
{
	archiveVersion = 1;
	classes = {
	};
	objectVersion = 50;
	objects = {

/* Begin PBXBuildFile section */
		ED01DD3125DD031C00AD4811 /* AppDelegate.swift in Sources */ = {isa = PBXBuildFile; fileRef = ED01DD3025DD031C00AD4811 /* AppDelegate.swift */; };
		ED01DD3325DD031C00AD4811 /* SceneDelegate.swift in Sources */ = {isa = PBXBuildFile; fileRef = ED01DD3225DD031C00AD4811 /* SceneDelegate.swift */; };
		ED01DD3525DD031C00AD4811 /* ViewController.swift in Sources */ = {isa = PBXBuildFile; fileRef = ED01DD3425DD031C00AD4811 /* ViewController.swift */; };
		ED01DD3825DD031D00AD4811 /* Main.storyboard in Resources */ = {isa = PBXBuildFile; fileRef = ED01DD3625DD031C00AD4811 /* Main.storyboard */; };
		ED01DD3A25DD032000AD4811 /* Assets.xcassets in Resources */ = {isa = PBXBuildFile; fileRef = ED01DD3925DD032000AD4811 /* Assets.xcassets */; };
		ED01DD3D25DD032000AD4811 /* LaunchScreen.storyboard in Resources */ = {isa = PBXBuildFile; fileRef = ED01DD3B25DD032000AD4811 /* LaunchScreen.storyboard */; };
		ED01DD4625DD039B00AD4811 /* MyCustomView.swift in Sources */ = {isa = PBXBuildFile; fileRef = ED01DD4525DD039B00AD4811 /* MyCustomView.swift */; };
		ED73A59825DD0B290095B727 /* MyTableViewCell.swift in Sources */ = {isa = PBXBuildFile; fileRef = ED73A59725DD0B290095B727 /* MyTableViewCell.swift */; };
/* End PBXBuildFile section */

/* Begin PBXFileReference section */
		ED01DD2D25DD031C00AD4811 /* custom-view.app */ = {isa = PBXFileReference; explicitFileType = wrapper.application; includeInIndex = 0; path = "custom-view.app"; sourceTree = BUILT_PRODUCTS_DIR; };
		ED01DD3025DD031C00AD4811 /* AppDelegate.swift */ = {isa = PBXFileReference; lastKnownFileType = sourcecode.swift; path = AppDelegate.swift; sourceTree = "<group>"; };
		ED01DD3225DD031C00AD4811 /* SceneDelegate.swift */ = {isa = PBXFileReference; lastKnownFileType = sourcecode.swift; path = SceneDelegate.swift; sourceTree = "<group>"; };
		ED01DD3425DD031C00AD4811 /* ViewController.swift */ = {isa = PBXFileReference; lastKnownFileType = sourcecode.swift; path = ViewController.swift; sourceTree = "<group>"; };
		ED01DD3725DD031C00AD4811 /* Base */ = {isa = PBXFileReference; lastKnownFileType = file.storyboard; name = Base; path = Base.lproj/Main.storyboard; sourceTree = "<group>"; };
		ED01DD3925DD032000AD4811 /* Assets.xcassets */ = {isa = PBXFileReference; lastKnownFileType = folder.assetcatalog; path = Assets.xcassets; sourceTree = "<group>"; };
		ED01DD3C25DD032000AD4811 /* Base */ = {isa = PBXFileReference; lastKnownFileType = file.storyboard; name = Base; path = Base.lproj/LaunchScreen.storyboard; sourceTree = "<group>"; };
		ED01DD3E25DD032000AD4811 /* Info.plist */ = {isa = PBXFileReference; lastKnownFileType = text.plist.xml; path = Info.plist; sourceTree = "<group>"; };
		ED01DD4525DD039B00AD4811 /* MyCustomView.swift */ = {isa = PBXFileReference; lastKnownFileType = sourcecode.swift; path = MyCustomView.swift; sourceTree = "<group>"; };
		ED73A59725DD0B290095B727 /* MyTableViewCell.swift */ = {isa = PBXFileReference; lastKnownFileType = sourcecode.swift; path = MyTableViewCell.swift; sourceTree = "<group>"; };
/* End PBXFileReference section */

/* Begin PBXFrameworksBuildPhase section */
		ED01DD2A25DD031C00AD4811 /* Frameworks */ = {
			isa = PBXFrameworksBuildPhase;
			buildActionMask = 2147483647;
			files = (
			);
			runOnlyForDeploymentPostprocessing = 0;
		};
/* End PBXFrameworksBuildPhase section */

/* Begin PBXGroup section */
		ED01DD2425DD031C00AD4811 = {
			isa = PBXGroup;
			children = (
				ED01DD2F25DD031C00AD4811 /* custom-view */,
				ED01DD2E25DD031C00AD4811 /* Products */,
			);
			sourceTree = "<group>";
		};
		ED01DD2E25DD031C00AD4811 /* Products */ = {
			isa = PBXGroup;
			children = (
				ED01DD2D25DD031C00AD4811 /* custom-view.app */,
			);
			name = Products;
			sourceTree = "<group>";
		};
		ED01DD2F25DD031C00AD4811 /* custom-view */ = {
			isa = PBXGroup;
			children = (
				ED01DD3025DD031C00AD4811 /* AppDelegate.swift */,
				ED01DD3225DD031C00AD4811 /* SceneDelegate.swift */,
				ED01DD3425DD031C00AD4811 /* ViewController.swift */,
				ED73A59725DD0B290095B727 /* MyTableViewCell.swift */,
				ED01DD3625DD031C00AD4811 /* Main.storyboard */,
				ED01DD4525DD039B00AD4811 /* MyCustomView.swift */,
				ED01DD3925DD032000AD4811 /* Assets.xcassets */,
				ED01DD3B25DD032000AD4811 /* LaunchScreen.storyboard */,
				ED01DD3E25DD032000AD4811 /* Info.plist */,
			);
			path = "custom-view";
			sourceTree = "<group>";
		};
/* End PBXGroup section */

/* Begin PBXNativeTarget section */
		ED01DD2C25DD031C00AD4811 /* custom-view */ = {
			isa = PBXNativeTarget;
			buildConfigurationList = ED01DD4125DD032000AD4811 /* Build configuration list for PBXNativeTarget "custom-view" */;
			buildPhases = (
				ED01DD2925DD031C00AD4811 /* Sources */,
				ED01DD2A25DD031C00AD4811 /* Frameworks */,
				ED01DD2B25DD031C00AD4811 /* Resources */,
			);
			buildRules = (
			);
			dependencies = (
			);
			name = "custom-view";
			productName = "custom-view";
			productReference = ED01DD2D25DD031C00AD4811 /* custom-view.app */;
			productType = "com.apple.product-type.application";
		};
/* End PBXNativeTarget section */

/* Begin PBXProject section */
		ED01DD2525DD031C00AD4811 /* Project object */ = {
			isa = PBXProject;
			attributes = {
				LastSwiftUpdateCheck = 1240;
				LastUpgradeCheck = 1240;
				TargetAttributes = {
					ED01DD2C25DD031C00AD4811 = {
						CreatedOnToolsVersion = 12.4;
					};
				};
			};
			buildConfigurationList = ED01DD2825DD031C00AD4811 /* Build configuration list for PBXProject "custom-view" */;
			compatibilityVersion = "Xcode 9.3";
			developmentRegion = en;
			hasScannedForEncodings = 0;
			knownRegions = (
				en,
				Base,
			);
			mainGroup = ED01DD2425DD031C00AD4811;
			productRefGroup = ED01DD2E25DD031C00AD4811 /* Products */;
			projectDirPath = "";
			projectRoot = "";
			targets = (
				ED01DD2C25DD031C00AD4811 /* custom-view */,
			);
		};
/* End PBXProject section */

/* Begin PBXResourcesBuildPhase section */
		ED01DD2B25DD031C00AD4811 /* Resources */ = {
			isa = PBXResourcesBuildPhase;
			buildActionMask = 2147483647;
			files = (
				ED01DD3D25DD032000AD4811 /* LaunchScreen.storyboard in Resources */,
				ED01DD3A25DD032000AD4811 /* Assets.xcassets in Resources */,
				ED01DD3825DD031D00AD4811 /* Main.storyboard in Resources */,
			);
			runOnlyForDeploymentPostprocessing = 0;
		};
/* End PBXResourcesBuildPhase section */

/* Begin PBXSourcesBuildPhase section */
		ED01DD2925DD031C00AD4811 /* Sources */ = {
			isa = PBXSourcesBuildPhase;
			buildActionMask = 2147483647;
			files = (
				ED01DD3525DD031C00AD4811 /* ViewController.swift in Sources */,
				ED01DD4625DD039B00AD4811 /* MyCustomView.swift in Sources */,
				ED01DD3125DD031C00AD4811 /* AppDelegate.swift in Sources */,
				ED73A59825DD0B290095B727 /* MyTableViewCell.swift in Sources */,
				ED01DD3325DD031C00AD4811 /* SceneDelegate.swift in Sources */,
			);
			runOnlyForDeploymentPostprocessing = 0;
		};
/* End PBXSourcesBuildPhase section */

/* Begin PBXVariantGroup section */
		ED01DD3625DD031C00AD4811 /* Main.storyboard */ = {
			isa = PBXVariantGroup;
			children = (
				ED01DD3725DD031C00AD4811 /* Base */,
			);
			name = Main.storyboard;
			sourceTree = "<group>";
		};
		ED01DD3B25DD032000AD4811 /* LaunchScreen.storyboard */ = {
			isa = PBXVariantGroup;
			children = (
				ED01DD3C25DD032000AD4811 /* Base */,
			);
			name = LaunchScreen.storyboard;
			sourceTree = "<group>";
		};
/* End PBXVariantGroup section */

/* Begin XCBuildConfiguration section */
		ED01DD3F25DD032000AD4811 /* Debug */ = {
			isa = XCBuildConfiguration;
			buildSettings = {
				ALWAYS_SEARCH_USER_PATHS = NO;
				CLANG_ANALYZER_NONNULL = YES;
				CLANG_ANALYZER_NUMBER_OBJECT_CONVERSION = YES_AGGRESSIVE;
				CLANG_CXX_LANGUAGE_STANDARD = "gnu++14";
				CLANG_CXX_LIBRARY = "libc++";
				CLANG_ENABLE_MODULES = YES;
				CLANG_ENABLE_OBJC_ARC = YES;
				CLANG_ENABLE_OBJC_WEAK = YES;
				CLANG_WARN_BLOCK_CAPTURE_AUTORELEASING = YES;
				CLANG_WARN_BOOL_CONVERSION = YES;
				CLANG_WARN_COMMA = YES;
				CLANG_WARN_CONSTANT_CONVERSION = YES;
				CLANG_WARN_DEPRECATED_OBJC_IMPLEMENTATIONS = YES;
				CLANG_WARN_DIRECT_OBJC_ISA_USAGE = YES_ERROR;
				CLANG_WARN_DOCUMENTATION_COMMENTS = YES;
				CLANG_WARN_EMPTY_BODY = YES;
				CLANG_WARN_ENUM_CONVERSION = YES;
				CLANG_WARN_INFINITE_RECURSION = YES;
				CLANG_WARN_INT_CONVERSION = YES;
				CLANG_WARN_NON_LITERAL_NULL_CONVERSION = YES;
				CLANG_WARN_OBJC_IMPLICIT_RETAIN_SELF = YES;
				CLANG_WARN_OBJC_LITERAL_CONVERSION = YES;
				CLANG_WARN_OBJC_ROOT_CLASS = YES_ERROR;
				CLANG_WARN_QUOTED_INCLUDE_IN_FRAMEWORK_HEADER = YES;
				CLANG_WARN_RANGE_LOOP_ANALYSIS = YES;
				CLANG_WARN_STRICT_PROTOTYPES = YES;
				CLANG_WARN_SUSPICIOUS_MOVE = YES;
				CLANG_WARN_UNGUARDED_AVAILABILITY = YES_AGGRESSIVE;
				CLANG_WARN_UNREACHABLE_CODE = YES;
				CLANG_WARN__DUPLICATE_METHOD_MATCH = YES;
				COPY_PHASE_STRIP = NO;
				DEBUG_INFORMATION_FORMAT = dwarf;
				ENABLE_STRICT_OBJC_MSGSEND = YES;
				ENABLE_TESTABILITY = YES;
				GCC_C_LANGUAGE_STANDARD = gnu11;
				GCC_DYNAMIC_NO_PIC = NO;
				GCC_NO_COMMON_BLOCKS = YES;
				GCC_OPTIMIZATION_LEVEL = 0;
				GCC_PREPROCESSOR_DEFINITIONS = (
					"DEBUG=1",
					"$(inherited)",
				);
				GCC_WARN_64_TO_32_BIT_CONVERSION = YES;
				GCC_WARN_ABOUT_RETURN_TYPE = YES_ERROR;
				GCC_WARN_UNDECLARED_SELECTOR = YES;
				GCC_WARN_UNINITIALIZED_AUTOS = YES_AGGRESSIVE;
				GCC_WARN_UNUSED_FUNCTION = YES;
				GCC_WARN_UNUSED_VARIABLE = YES;
				IPHONEOS_DEPLOYMENT_TARGET = 14.4;
				MTL_ENABLE_DEBUG_INFO = INCLUDE_SOURCE;
				MTL_FAST_MATH = YES;
				ONLY_ACTIVE_ARCH = YES;
				SDKROOT = iphoneos;
				SWIFT_ACTIVE_COMPILATION_CONDITIONS = DEBUG;
				SWIFT_OPTIMIZATION_LEVEL = "-Onone";
			};
			name = Debug;
		};
		ED01DD4025DD032000AD4811 /* Release */ = {
			isa = XCBuildConfiguration;
			buildSettings = {
				ALWAYS_SEARCH_USER_PATHS = NO;
				CLANG_ANALYZER_NONNULL = YES;
				CLANG_ANALYZER_NUMBER_OBJECT_CONVERSION = YES_AGGRESSIVE;
				CLANG_CXX_LANGUAGE_STANDARD = "gnu++14";
				CLANG_CXX_LIBRARY = "libc++";
				CLANG_ENABLE_MODULES = YES;
				CLANG_ENABLE_OBJC_ARC = YES;
				CLANG_ENABLE_OBJC_WEAK = YES;
				CLANG_WARN_BLOCK_CAPTURE_AUTORELEASING = YES;
				CLANG_WARN_BOOL_CONVERSION = YES;
				CLANG_WARN_COMMA = YES;
				CLANG_WARN_CONSTANT_CONVERSION = YES;
				CLANG_WARN_DEPRECATED_OBJC_IMPLEMENTATIONS = YES;
				CLANG_WARN_DIRECT_OBJC_ISA_USAGE = YES_ERROR;
				CLANG_WARN_DOCUMENTATION_COMMENTS = YES;
				CLANG_WARN_EMPTY_BODY = YES;
				CLANG_WARN_ENUM_CONVERSION = YES;
				CLANG_WARN_INFINITE_RECURSION = YES;
				CLANG_WARN_INT_CONVERSION = YES;
				CLANG_WARN_NON_LITERAL_NULL_CONVERSION = YES;
				CLANG_WARN_OBJC_IMPLICIT_RETAIN_SELF = YES;
				CLANG_WARN_OBJC_LITERAL_CONVERSION = YES;
				CLANG_WARN_OBJC_ROOT_CLASS = YES_ERROR;
				CLANG_WARN_QUOTED_INCLUDE_IN_FRAMEWORK_HEADER = YES;
				CLANG_WARN_RANGE_LOOP_ANALYSIS = YES;
				CLANG_WARN_STRICT_PROTOTYPES = YES;
				CLANG_WARN_SUSPICIOUS_MOVE = YES;
				CLANG_WARN_UNGUARDED_AVAILABILITY = YES_AGGRESSIVE;
				CLANG_WARN_UNREACHABLE_CODE = YES;
				CLANG_WARN__DUPLICATE_METHOD_MATCH = YES;
				COPY_PHASE_STRIP = NO;
				DEBUG_INFORMATION_FORMAT = "dwarf-with-dsym";
				ENABLE_NS_ASSERTIONS = NO;
				ENABLE_STRICT_OBJC_MSGSEND = YES;
				GCC_C_LANGUAGE_STANDARD = gnu11;
				GCC_NO_COMMON_BLOCKS = YES;
				GCC_WARN_64_TO_32_BIT_CONVERSION = YES;
				GCC_WARN_ABOUT_RETURN_TYPE = YES_ERROR;
				GCC_WARN_UNDECLARED_SELECTOR = YES;
				GCC_WARN_UNINITIALIZED_AUTOS = YES_AGGRESSIVE;
				GCC_WARN_UNUSED_FUNCTION = YES;
				GCC_WARN_UNUSED_VARIABLE = YES;
				IPHONEOS_DEPLOYMENT_TARGET = 14.4;
				MTL_ENABLE_DEBUG_INFO = NO;
				MTL_FAST_MATH = YES;
				SDKROOT = iphoneos;
				SWIFT_COMPILATION_MODE = wholemodule;
				SWIFT_OPTIMIZATION_LEVEL = "-O";
				VALIDATE_PRODUCT = YES;
			};
			name = Release;
		};
		ED01DD4225DD032000AD4811 /* Debug */ = {
			isa = XCBuildConfiguration;
			buildSettings = {
				ASSETCATALOG_COMPILER_APPICON_NAME = AppIcon;
				ASSETCATALOG_COMPILER_GLOBAL_ACCENT_COLOR_NAME = AccentColor;
				CODE_SIGN_STYLE = Automatic;
				INFOPLIST_FILE = "custom-view/Info.plist";
				LD_RUNPATH_SEARCH_PATHS = (
					"$(inherited)",
					"@executable_path/Frameworks",
				);
				PRODUCT_BUNDLE_IDENTIFIER = "pnk.custom-view";
				PRODUCT_NAME = "$(TARGET_NAME)";
				SWIFT_VERSION = 5.0;
				TARGETED_DEVICE_FAMILY = "1,2";
			};
			name = Debug;
		};
		ED01DD4325DD032000AD4811 /* Release */ = {
			isa = XCBuildConfiguration;
			buildSettings = {
				ASSETCATALOG_COMPILER_APPICON_NAME = AppIcon;
				ASSETCATALOG_COMPILER_GLOBAL_ACCENT_COLOR_NAME = AccentColor;
				CODE_SIGN_STYLE = Automatic;
				INFOPLIST_FILE = "custom-view/Info.plist";
				LD_RUNPATH_SEARCH_PATHS = (
					"$(inherited)",
					"@executable_path/Frameworks",
				);
				PRODUCT_BUNDLE_IDENTIFIER = "pnk.custom-view";
				PRODUCT_NAME = "$(TARGET_NAME)";
				SWIFT_VERSION = 5.0;
				TARGETED_DEVICE_FAMILY = "1,2";
			};
			name = Release;
		};
/* End XCBuildConfiguration section */

/* Begin XCConfigurationList section */
		ED01DD2825DD031C00AD4811 /* Build configuration list for PBXProject "custom-view" */ = {
			isa = XCConfigurationList;
			buildConfigurations = (
				ED01DD3F25DD032000AD4811 /* Debug */,
				ED01DD4025DD032000AD4811 /* Release */,
			);
			defaultConfigurationIsVisible = 0;
			defaultConfigurationName = Release;
		};
		ED01DD4125DD032000AD4811 /* Build configuration list for PBXNativeTarget "custom-view" */ = {
			isa = XCConfigurationList;
			buildConfigurations = (
				ED01DD4225DD032000AD4811 /* Debug */,
				ED01DD4325DD032000AD4811 /* Release */,
			);
			defaultConfigurationIsVisible = 0;
			defaultConfigurationName = Release;
		};
/* End XCConfigurationList section */
	};
	rootObject = ED01DD2525DD031C00AD4811 /* Project object */;
}
