// !$*UTF8*$!
{
	archiveVersion = 1;
	classes = {
	};
	objectVersion = 50;
	objects = {

/* Begin PBXBuildFile section */
		ED743A4625CAF389008F5D24 /* jojo.jpg in Resources */ = {isa = PBXBuildFile; fileRef = ED743A4525CAF389008F5D24 /* jojo.jpg */; };
		EDFB504D25CAF072001C6FAD /* AppDelegate.swift in Sources */ = {isa = PBXBuildFile; fileRef = EDFB504C25CAF072001C6FAD /* AppDelegate.swift */; };
		EDFB504F25CAF072001C6FAD /* SceneDelegate.swift in Sources */ = {isa = PBXBuildFile; fileRef = EDFB504E25CAF072001C6FAD /* SceneDelegate.swift */; };
		EDFB505125CAF072001C6FAD /* ViewController.swift in Sources */ = {isa = PBXBuildFile; fileRef = EDFB505025CAF072001C6FAD /* ViewController.swift */; };
		EDFB505425CAF072001C6FAD /* Main.storyboard in Resources */ = {isa = PBXBuildFile; fileRef = EDFB505225CAF072001C6FAD /* Main.storyboard */; };
		EDFB505625CAF073001C6FAD /* Assets.xcassets in Resources */ = {isa = PBXBuildFile; fileRef = EDFB505525CAF073001C6FAD /* Assets.xcassets */; };
		EDFB505925CAF073001C6FAD /* LaunchScreen.storyboard in Resources */ = {isa = PBXBuildFile; fileRef = EDFB505725CAF073001C6FAD /* LaunchScreen.storyboard */; };
		EDFB506325CAF0C4001C6FAD /* CalcBrain.swift in Sources */ = {isa = PBXBuildFile; fileRef = EDFB506225CAF0C4001C6FAD /* CalcBrain.swift */; };
		EDFB506625CAF115001C6FAD /* CalculatorViewController.swift in Sources */ = {isa = PBXBuildFile; fileRef = EDFB506525CAF115001C6FAD /* CalculatorViewController.swift */; };
		EDFB506925CAF1C6001C6FAD /* VincentViewController.swift in Sources */ = {isa = PBXBuildFile; fileRef = EDFB506825CAF1C6001C6FAD /* VincentViewController.swift */; };
		EDFB506C25CAF1D4001C6FAD /* JojoViewController.swift in Sources */ = {isa = PBXBuildFile; fileRef = EDFB506B25CAF1D4001C6FAD /* JojoViewController.swift */; };
		EDFB507425CAF27D001C6FAD /* vince.jpg in Resources */ = {isa = PBXBuildFile; fileRef = EDFB507325CAF27D001C6FAD /* vince.jpg */; };
/* End PBXBuildFile section */

/* Begin PBXFileReference section */
		ED743A4525CAF389008F5D24 /* jojo.jpg */ = {isa = PBXFileReference; lastKnownFileType = image.jpeg; name = jojo.jpg; path = ../../../jojo.jpg; sourceTree = "<group>"; };
		EDFB504925CAF072001C6FAD /* superIATurboDiesel.app */ = {isa = PBXFileReference; explicitFileType = wrapper.application; includeInIndex = 0; path = superIATurboDiesel.app; sourceTree = BUILT_PRODUCTS_DIR; };
		EDFB504C25CAF072001C6FAD /* AppDelegate.swift */ = {isa = PBXFileReference; lastKnownFileType = sourcecode.swift; path = AppDelegate.swift; sourceTree = "<group>"; };
		EDFB504E25CAF072001C6FAD /* SceneDelegate.swift */ = {isa = PBXFileReference; lastKnownFileType = sourcecode.swift; path = SceneDelegate.swift; sourceTree = "<group>"; };
		EDFB505025CAF072001C6FAD /* ViewController.swift */ = {isa = PBXFileReference; lastKnownFileType = sourcecode.swift; path = ViewController.swift; sourceTree = "<group>"; };
		EDFB505325CAF072001C6FAD /* Base */ = {isa = PBXFileReference; lastKnownFileType = file.storyboard; name = Base; path = Base.lproj/Main.storyboard; sourceTree = "<group>"; };
		EDFB505525CAF073001C6FAD /* Assets.xcassets */ = {isa = PBXFileReference; lastKnownFileType = folder.assetcatalog; path = Assets.xcassets; sourceTree = "<group>"; };
		EDFB505825CAF073001C6FAD /* Base */ = {isa = PBXFileReference; lastKnownFileType = file.storyboard; name = Base; path = Base.lproj/LaunchScreen.storyboard; sourceTree = "<group>"; };
		EDFB505A25CAF073001C6FAD /* Info.plist */ = {isa = PBXFileReference; lastKnownFileType = text.plist.xml; path = Info.plist; sourceTree = "<group>"; };
		EDFB506225CAF0C4001C6FAD /* CalcBrain.swift */ = {isa = PBXFileReference; fileEncoding = 4; lastKnownFileType = sourcecode.swift; name = CalcBrain.swift; path = ../../../calculator/calculator/CalcBrain.swift; sourceTree = "<group>"; };
		EDFB506525CAF115001C6FAD /* CalculatorViewController.swift */ = {isa = PBXFileReference; lastKnownFileType = sourcecode.swift; path = CalculatorViewController.swift; sourceTree = "<group>"; };
		EDFB506825CAF1C6001C6FAD /* VincentViewController.swift */ = {isa = PBXFileReference; lastKnownFileType = sourcecode.swift; path = VincentViewController.swift; sourceTree = "<group>"; };
		EDFB506B25CAF1D4001C6FAD /* JojoViewController.swift */ = {isa = PBXFileReference; lastKnownFileType = sourcecode.swift; path = JojoViewController.swift; sourceTree = "<group>"; };
		EDFB507325CAF27D001C6FAD /* vince.jpg */ = {isa = PBXFileReference; lastKnownFileType = image.jpeg; path = vince.jpg; sourceTree = "<group>"; };
/* End PBXFileReference section */

/* Begin PBXFrameworksBuildPhase section */
		EDFB504625CAF072001C6FAD /* Frameworks */ = {
			isa = PBXFrameworksBuildPhase;
			buildActionMask = 2147483647;
			files = (
			);
			runOnlyForDeploymentPostprocessing = 0;
		};
/* End PBXFrameworksBuildPhase section */

/* Begin PBXGroup section */
		EDFB504025CAF071001C6FAD = {
			isa = PBXGroup;
			children = (
				EDFB504B25CAF072001C6FAD /* superIATurboDiesel */,
				EDFB504A25CAF072001C6FAD /* Products */,
			);
			sourceTree = "<group>";
		};
		EDFB504A25CAF072001C6FAD /* Products */ = {
			isa = PBXGroup;
			children = (
				EDFB504925CAF072001C6FAD /* superIATurboDiesel.app */,
			);
			name = Products;
			sourceTree = "<group>";
		};
		EDFB504B25CAF072001C6FAD /* superIATurboDiesel */ = {
			isa = PBXGroup;
			children = (
				EDFB507225CAF271001C6FAD /* img */,
				EDFB506125CAF0B6001C6FAD /* calculator */,
				EDFB504C25CAF072001C6FAD /* AppDelegate.swift */,
				EDFB504E25CAF072001C6FAD /* SceneDelegate.swift */,
				EDFB505025CAF072001C6FAD /* ViewController.swift */,
				EDFB506825CAF1C6001C6FAD /* VincentViewController.swift */,
				EDFB506B25CAF1D4001C6FAD /* JojoViewController.swift */,
				EDFB505225CAF072001C6FAD /* Main.storyboard */,
				EDFB505525CAF073001C6FAD /* Assets.xcassets */,
				EDFB505725CAF073001C6FAD /* LaunchScreen.storyboard */,
				EDFB505A25CAF073001C6FAD /* Info.plist */,
			);
			path = superIATurboDiesel;
			sourceTree = "<group>";
		};
		EDFB506125CAF0B6001C6FAD /* calculator */ = {
			isa = PBXGroup;
			children = (
				EDFB506225CAF0C4001C6FAD /* CalcBrain.swift */,
				EDFB506525CAF115001C6FAD /* CalculatorViewController.swift */,
			);
			path = calculator;
			sourceTree = "<group>";
		};
		EDFB507225CAF271001C6FAD /* img */ = {
			isa = PBXGroup;
			children = (
				ED743A4525CAF389008F5D24 /* jojo.jpg */,
				EDFB507325CAF27D001C6FAD /* vince.jpg */,
			);
			path = img;
			sourceTree = "<group>";
		};
/* End PBXGroup section */

/* Begin PBXNativeTarget section */
		EDFB504825CAF072001C6FAD /* superIATurboDiesel */ = {
			isa = PBXNativeTarget;
			buildConfigurationList = EDFB505D25CAF073001C6FAD /* Build configuration list for PBXNativeTarget "superIATurboDiesel" */;
			buildPhases = (
				EDFB504525CAF072001C6FAD /* Sources */,
				EDFB504625CAF072001C6FAD /* Frameworks */,
				EDFB504725CAF072001C6FAD /* Resources */,
			);
			buildRules = (
			);
			dependencies = (
			);
			name = superIATurboDiesel;
			productName = superIATurboDiesel;
			productReference = EDFB504925CAF072001C6FAD /* superIATurboDiesel.app */;
			productType = "com.apple.product-type.application";
		};
/* End PBXNativeTarget section */

/* Begin PBXProject section */
		EDFB504125CAF071001C6FAD /* Project object */ = {
			isa = PBXProject;
			attributes = {
				LastSwiftUpdateCheck = 1240;
				LastUpgradeCheck = 1240;
				TargetAttributes = {
					EDFB504825CAF072001C6FAD = {
						CreatedOnToolsVersion = 12.4;
					};
				};
			};
			buildConfigurationList = EDFB504425CAF071001C6FAD /* Build configuration list for PBXProject "superIATurboDiesel" */;
			compatibilityVersion = "Xcode 9.3";
			developmentRegion = en;
			hasScannedForEncodings = 0;
			knownRegions = (
				en,
				Base,
			);
			mainGroup = EDFB504025CAF071001C6FAD;
			productRefGroup = EDFB504A25CAF072001C6FAD /* Products */;
			projectDirPath = "";
			projectRoot = "";
			targets = (
				EDFB504825CAF072001C6FAD /* superIATurboDiesel */,
			);
		};
/* End PBXProject section */

/* Begin PBXResourcesBuildPhase section */
		EDFB504725CAF072001C6FAD /* Resources */ = {
			isa = PBXResourcesBuildPhase;
			buildActionMask = 2147483647;
			files = (
				EDFB505925CAF073001C6FAD /* LaunchScreen.storyboard in Resources */,
				ED743A4625CAF389008F5D24 /* jojo.jpg in Resources */,
				EDFB505625CAF073001C6FAD /* Assets.xcassets in Resources */,
				EDFB505425CAF072001C6FAD /* Main.storyboard in Resources */,
				EDFB507425CAF27D001C6FAD /* vince.jpg in Resources */,
			);
			runOnlyForDeploymentPostprocessing = 0;
		};
/* End PBXResourcesBuildPhase section */

/* Begin PBXSourcesBuildPhase section */
		EDFB504525CAF072001C6FAD /* Sources */ = {
			isa = PBXSourcesBuildPhase;
			buildActionMask = 2147483647;
			files = (
				EDFB506625CAF115001C6FAD /* CalculatorViewController.swift in Sources */,
				EDFB506C25CAF1D4001C6FAD /* JojoViewController.swift in Sources */,
				EDFB505125CAF072001C6FAD /* ViewController.swift in Sources */,
				EDFB506325CAF0C4001C6FAD /* CalcBrain.swift in Sources */,
				EDFB504D25CAF072001C6FAD /* AppDelegate.swift in Sources */,
				EDFB506925CAF1C6001C6FAD /* VincentViewController.swift in Sources */,
				EDFB504F25CAF072001C6FAD /* SceneDelegate.swift in Sources */,
			);
			runOnlyForDeploymentPostprocessing = 0;
		};
/* End PBXSourcesBuildPhase section */

/* Begin PBXVariantGroup section */
		EDFB505225CAF072001C6FAD /* Main.storyboard */ = {
			isa = PBXVariantGroup;
			children = (
				EDFB505325CAF072001C6FAD /* Base */,
			);
			name = Main.storyboard;
			sourceTree = "<group>";
		};
		EDFB505725CAF073001C6FAD /* LaunchScreen.storyboard */ = {
			isa = PBXVariantGroup;
			children = (
				EDFB505825CAF073001C6FAD /* Base */,
			);
			name = LaunchScreen.storyboard;
			sourceTree = "<group>";
		};
/* End PBXVariantGroup section */

/* Begin XCBuildConfiguration section */
		EDFB505B25CAF073001C6FAD /* Debug */ = {
			isa = XCBuildConfiguration;
			buildSettings = {
				ALWAYS_SEARCH_USER_PATHS = NO;
				CLANG_ANALYZER_NONNULL = YES;
				CLANG_ANALYZER_NUMBER_OBJECT_CONVERSION = YES_AGGRESSIVE;
				CLANG_CXX_LANGUAGE_STANDARD = "gnu++14";
				CLANG_CXX_LIBRARY = "libc++";
				CLANG_ENABLE_MODULES = YES;
				CLANG_ENABLE_OBJC_ARC = YES;
				CLANG_ENABLE_OBJC_WEAK = YES;
				CLANG_WARN_BLOCK_CAPTURE_AUTORELEASING = YES;
				CLANG_WARN_BOOL_CONVERSION = YES;
				CLANG_WARN_COMMA = YES;
				CLANG_WARN_CONSTANT_CONVERSION = YES;
				CLANG_WARN_DEPRECATED_OBJC_IMPLEMENTATIONS = YES;
				CLANG_WARN_DIRECT_OBJC_ISA_USAGE = YES_ERROR;
				CLANG_WARN_DOCUMENTATION_COMMENTS = YES;
				CLANG_WARN_EMPTY_BODY = YES;
				CLANG_WARN_ENUM_CONVERSION = YES;
				CLANG_WARN_INFINITE_RECURSION = YES;
				CLANG_WARN_INT_CONVERSION = YES;
				CLANG_WARN_NON_LITERAL_NULL_CONVERSION = YES;
				CLANG_WARN_OBJC_IMPLICIT_RETAIN_SELF = YES;
				CLANG_WARN_OBJC_LITERAL_CONVERSION = YES;
				CLANG_WARN_OBJC_ROOT_CLASS = YES_ERROR;
				CLANG_WARN_QUOTED_INCLUDE_IN_FRAMEWORK_HEADER = YES;
				CLANG_WARN_RANGE_LOOP_ANALYSIS = YES;
				CLANG_WARN_STRICT_PROTOTYPES = YES;
				CLANG_WARN_SUSPICIOUS_MOVE = YES;
				CLANG_WARN_UNGUARDED_AVAILABILITY = YES_AGGRESSIVE;
				CLANG_WARN_UNREACHABLE_CODE = YES;
				CLANG_WARN__DUPLICATE_METHOD_MATCH = YES;
				COPY_PHASE_STRIP = NO;
				DEBUG_INFORMATION_FORMAT = dwarf;
				ENABLE_STRICT_OBJC_MSGSEND = YES;
				ENABLE_TESTABILITY = YES;
				GCC_C_LANGUAGE_STANDARD = gnu11;
				GCC_DYNAMIC_NO_PIC = NO;
				GCC_NO_COMMON_BLOCKS = YES;
				GCC_OPTIMIZATION_LEVEL = 0;
				GCC_PREPROCESSOR_DEFINITIONS = (
					"DEBUG=1",
					"$(inherited)",
				);
				GCC_WARN_64_TO_32_BIT_CONVERSION = YES;
				GCC_WARN_ABOUT_RETURN_TYPE = YES_ERROR;
				GCC_WARN_UNDECLARED_SELECTOR = YES;
				GCC_WARN_UNINITIALIZED_AUTOS = YES_AGGRESSIVE;
				GCC_WARN_UNUSED_FUNCTION = YES;
				GCC_WARN_UNUSED_VARIABLE = YES;
				IPHONEOS_DEPLOYMENT_TARGET = 14.4;
				MTL_ENABLE_DEBUG_INFO = INCLUDE_SOURCE;
				MTL_FAST_MATH = YES;
				ONLY_ACTIVE_ARCH = YES;
				SDKROOT = iphoneos;
				SWIFT_ACTIVE_COMPILATION_CONDITIONS = DEBUG;
				SWIFT_OPTIMIZATION_LEVEL = "-Onone";
			};
			name = Debug;
		};
		EDFB505C25CAF073001C6FAD /* Release */ = {
			isa = XCBuildConfiguration;
			buildSettings = {
				ALWAYS_SEARCH_USER_PATHS = NO;
				CLANG_ANALYZER_NONNULL = YES;
				CLANG_ANALYZER_NUMBER_OBJECT_CONVERSION = YES_AGGRESSIVE;
				CLANG_CXX_LANGUAGE_STANDARD = "gnu++14";
				CLANG_CXX_LIBRARY = "libc++";
				CLANG_ENABLE_MODULES = YES;
				CLANG_ENABLE_OBJC_ARC = YES;
				CLANG_ENABLE_OBJC_WEAK = YES;
				CLANG_WARN_BLOCK_CAPTURE_AUTORELEASING = YES;
				CLANG_WARN_BOOL_CONVERSION = YES;
				CLANG_WARN_COMMA = YES;
				CLANG_WARN_CONSTANT_CONVERSION = YES;
				CLANG_WARN_DEPRECATED_OBJC_IMPLEMENTATIONS = YES;
				CLANG_WARN_DIRECT_OBJC_ISA_USAGE = YES_ERROR;
				CLANG_WARN_DOCUMENTATION_COMMENTS = YES;
				CLANG_WARN_EMPTY_BODY = YES;
				CLANG_WARN_ENUM_CONVERSION = YES;
				CLANG_WARN_INFINITE_RECURSION = YES;
				CLANG_WARN_INT_CONVERSION = YES;
				CLANG_WARN_NON_LITERAL_NULL_CONVERSION = YES;
				CLANG_WARN_OBJC_IMPLICIT_RETAIN_SELF = YES;
				CLANG_WARN_OBJC_LITERAL_CONVERSION = YES;
				CLANG_WARN_OBJC_ROOT_CLASS = YES_ERROR;
				CLANG_WARN_QUOTED_INCLUDE_IN_FRAMEWORK_HEADER = YES;
				CLANG_WARN_RANGE_LOOP_ANALYSIS = YES;
				CLANG_WARN_STRICT_PROTOTYPES = YES;
				CLANG_WARN_SUSPICIOUS_MOVE = YES;
				CLANG_WARN_UNGUARDED_AVAILABILITY = YES_AGGRESSIVE;
				CLANG_WARN_UNREACHABLE_CODE = YES;
				CLANG_WARN__DUPLICATE_METHOD_MATCH = YES;
				COPY_PHASE_STRIP = NO;
				DEBUG_INFORMATION_FORMAT = "dwarf-with-dsym";
				ENABLE_NS_ASSERTIONS = NO;
				ENABLE_STRICT_OBJC_MSGSEND = YES;
				GCC_C_LANGUAGE_STANDARD = gnu11;
				GCC_NO_COMMON_BLOCKS = YES;
				GCC_WARN_64_TO_32_BIT_CONVERSION = YES;
				GCC_WARN_ABOUT_RETURN_TYPE = YES_ERROR;
				GCC_WARN_UNDECLARED_SELECTOR = YES;
				GCC_WARN_UNINITIALIZED_AUTOS = YES_AGGRESSIVE;
				GCC_WARN_UNUSED_FUNCTION = YES;
				GCC_WARN_UNUSED_VARIABLE = YES;
				IPHONEOS_DEPLOYMENT_TARGET = 14.4;
				MTL_ENABLE_DEBUG_INFO = NO;
				MTL_FAST_MATH = YES;
				SDKROOT = iphoneos;
				SWIFT_COMPILATION_MODE = wholemodule;
				SWIFT_OPTIMIZATION_LEVEL = "-O";
				VALIDATE_PRODUCT = YES;
			};
			name = Release;
		};
		EDFB505E25CAF073001C6FAD /* Debug */ = {
			isa = XCBuildConfiguration;
			buildSettings = {
				ASSETCATALOG_COMPILER_APPICON_NAME = AppIcon;
				ASSETCATALOG_COMPILER_GLOBAL_ACCENT_COLOR_NAME = AccentColor;
				CODE_SIGN_STYLE = Automatic;
				DEVELOPMENT_TEAM = L5Q78XY962;
				INFOPLIST_FILE = superIATurboDiesel/Info.plist;
				LD_RUNPATH_SEARCH_PATHS = (
					"$(inherited)",
					"@executable_path/Frameworks",
				);
				PRODUCT_BUNDLE_IDENTIFIER = pnk.superIATurboDiesel;
				PRODUCT_NAME = "$(TARGET_NAME)";
				SWIFT_VERSION = 5.0;
				TARGETED_DEVICE_FAMILY = "1,2";
			};
			name = Debug;
		};
		EDFB505F25CAF073001C6FAD /* Release */ = {
			isa = XCBuildConfiguration;
			buildSettings = {
				ASSETCATALOG_COMPILER_APPICON_NAME = AppIcon;
				ASSETCATALOG_COMPILER_GLOBAL_ACCENT_COLOR_NAME = AccentColor;
				CODE_SIGN_STYLE = Automatic;
				DEVELOPMENT_TEAM = L5Q78XY962;
				INFOPLIST_FILE = superIATurboDiesel/Info.plist;
				LD_RUNPATH_SEARCH_PATHS = (
					"$(inherited)",
					"@executable_path/Frameworks",
				);
				PRODUCT_BUNDLE_IDENTIFIER = pnk.superIATurboDiesel;
				PRODUCT_NAME = "$(TARGET_NAME)";
				SWIFT_VERSION = 5.0;
				TARGETED_DEVICE_FAMILY = "1,2";
			};
			name = Release;
		};
/* End XCBuildConfiguration section */

/* Begin XCConfigurationList section */
		EDFB504425CAF071001C6FAD /* Build configuration list for PBXProject "superIATurboDiesel" */ = {
			isa = XCConfigurationList;
			buildConfigurations = (
				EDFB505B25CAF073001C6FAD /* Debug */,
				EDFB505C25CAF073001C6FAD /* Release */,
			);
			defaultConfigurationIsVisible = 0;
			defaultConfigurationName = Release;
		};
		EDFB505D25CAF073001C6FAD /* Build configuration list for PBXNativeTarget "superIATurboDiesel" */ = {
			isa = XCConfigurationList;
			buildConfigurations = (
				EDFB505E25CAF073001C6FAD /* Debug */,
				EDFB505F25CAF073001C6FAD /* Release */,
			);
			defaultConfigurationIsVisible = 0;
			defaultConfigurationName = Release;
		};
/* End XCConfigurationList section */
	};
	rootObject = EDFB504125CAF071001C6FAD /* Project object */;
}
